{
  "name": "@lskjs/scroll",
  "version": "0.31.12",
  "lockfileVersion": 1,
  "requires": true,
  "dependencies": {
    "@lskjs/dev": {
      "version": "0.31.12",
      "resolved": "https://registry.npmjs.org/@lskjs/dev/-/dev-0.31.12.tgz",
      "integrity": "sha512-kjq8EnZZRhNhkFQNc7glaFSS+145k/RKk/UyEWoHhYHBirw8IYJBATgtHz4sFJ9q811cjufflOlErgS48ec36Q==",
      "dev": true
    },
    "animated-scroll-to": {
      "version": "1.2.2",
      "resolved": "https://registry.npmjs.org/animated-scroll-to/-/animated-scroll-to-1.2.2.tgz",
      "integrity": "sha512-16ipIWWKvRGAeTfgiqTdXDBLPU0fCIq5sGDMQSdQnIjkxgm3pHzzUZiJ+rT/3xVbOXpTTN72vf2C4y9vepDBHA=="
    }
  }
}
