{
  "name": "@lskjs/scroll",
  "version": "0.33.5",
  "lockfileVersion": 1,
  "requires": true,
  "dependencies": {
    "@lskjs/dev": {
      "version": "0.33.5",
      "resolved": "https://registry.npmjs.org/@lskjs/dev/-/dev-0.33.5.tgz",
      "integrity": "sha512-j9+yvJe3INfchVV6mkfp9i0rOLZnrCh5VlxBexTXaUutLhpQAEpZ96B4xtvANvuun9fjcjrE6icgWeZwKvsHqA==",
      "dev": true
    },
    "@lskjs/theme": {
      "version": "0.33.5",
      "resolved": "https://registry.npmjs.org/@lskjs/theme/-/theme-0.33.5.tgz",
      "integrity": "sha512-mulSBpeSKXW07GZJzFi3uHWdSYI7STokM6/ZCiFSW0r/t8C6h0wKqQJnigj9hp7Rh1S03Ds7uGEhOBQhWWxI+Q==",
      "dev": true,
      "requires": {
        "animated-scroll-to": "^1.2.2"
      }
    },
    "animated-scroll-to": {
      "version": "1.2.2",
      "resolved": "https://registry.npmjs.org/animated-scroll-to/-/animated-scroll-to-1.2.2.tgz",
      "integrity": "sha512-16ipIWWKvRGAeTfgiqTdXDBLPU0fCIq5sGDMQSdQnIjkxgm3pHzzUZiJ+rT/3xVbOXpTTN72vf2C4y9vepDBHA=="
    },
    "emotion-theming": {
      "version": "9.1.2",
      "resolved": "https://registry.npmjs.org/emotion-theming/-/emotion-theming-9.1.2.tgz",
      "integrity": "sha512-Mlr7fIvzEna6paZOFu6hdCuiEPVHxu/+Jm/mKnULoGB2AEnhN8MM8SF6/WRvQtoJC1AXADSARNz6i+hM9Kk4uw==",
      "dev": true,
      "requires": {
        "hoist-non-react-statics": "^2.3.1"
      }
    },
    "hoist-non-react-statics": {
      "version": "2.5.5",
      "resolved": "https://registry.npmjs.org/hoist-non-react-statics/-/hoist-non-react-statics-2.5.5.tgz",
      "integrity": "sha512-rqcy4pJo55FTTLWt+bU8ukscqHeE/e9KWvsOW2b/a3afxQZhwkQdT1rPPCJ0rYXdj4vNcasY8zHTH+jF/qStxw==",
      "dev": true
    },
    "js-tokens": {
      "version": "4.0.0",
      "resolved": "https://registry.npmjs.org/js-tokens/-/js-tokens-4.0.0.tgz",
      "integrity": "sha512-RdJUflcE3cUzKiMqQgsCu06FPu9UdIJO0beYbPhHN4k6apgJtifcoCtT9bcxOpYBtpD2kCM6Sbzg4CausW/PKQ==",
      "dev": true
    },
    "lodash": {
      "version": "4.17.11",
      "resolved": "https://registry.npmjs.org/lodash/-/lodash-4.17.11.tgz",
      "integrity": "sha512-cQKh8igo5QUhZ7lg38DYWAxMvjSAKG0A8wGSVimP07SIUEK2UO+arSRKbRZWtelMtN5V0Hkwh5ryOto/SshYIg==",
      "dev": true
    },
    "loose-envify": {
      "version": "1.4.0",
      "resolved": "https://registry.npmjs.org/loose-envify/-/loose-envify-1.4.0.tgz",
      "integrity": "sha512-lyuxPGr/Wfhrlem2CL/UcnUc1zcqKAImBDzukY7Y5F/yQiNdko6+fRLevlw1HgMySw7f611UIY408EtxRSoK3Q==",
      "dev": true,
      "requires": {
        "js-tokens": "^3.0.0 || ^4.0.0"
      }
    },
    "mobx": {
      "version": "5.9.4",
      "resolved": "https://registry.npmjs.org/mobx/-/mobx-5.9.4.tgz",
      "integrity": "sha512-L9JjTX2rtQUAhCIgnHokfntNOsF14uioT9LqStf6Mya+16j56ZBe21E8Y9V59tfr2aH2kLQPD10qtCJXBuTAxw==",
      "dev": true
    },
    "mobx-react": {
      "version": "5.4.3",
      "resolved": "https://registry.npmjs.org/mobx-react/-/mobx-react-5.4.3.tgz",
      "integrity": "sha512-WC8yFlwvJ91hy8j6CrydAuFteUafcuvdITFQeHl3LRIf5ayfT/4W3M/byhEYD2BcJWejeXr8y4Rh2H26RunCRQ==",
      "dev": true,
      "requires": {
        "hoist-non-react-statics": "^3.0.0",
        "react-lifecycles-compat": "^3.0.2"
      },
      "dependencies": {
        "hoist-non-react-statics": {
          "version": "3.3.0",
          "resolved": "https://registry.npmjs.org/hoist-non-react-statics/-/hoist-non-react-statics-3.3.0.tgz",
          "integrity": "sha512-0XsbTXxgiaCDYDIWFcwkmerZPSwywfUqYmwT4jzewKTQSWoE6FCMoUVOeBJWK3E/CrWbxRG3m5GzY4lnIwGRBA==",
          "dev": true,
          "requires": {
            "react-is": "^16.7.0"
          }
        }
      }
    },
    "mobx-react-devtools": {
      "version": "6.1.1",
      "resolved": "https://registry.npmjs.org/mobx-react-devtools/-/mobx-react-devtools-6.1.1.tgz",
      "integrity": "sha512-nc5IXLdEUFLn3wZal65KF3/JFEFd+mbH4KTz/IG5BOPyw7jo8z29w/8qm7+wiCyqVfUIgJ1gL4+HVKmcXIOgqA==",
      "dev": true
    },
    "object-assign": {
      "version": "4.1.1",
      "resolved": "https://registry.npmjs.org/object-assign/-/object-assign-4.1.1.tgz",
      "integrity": "sha1-IQmtx5ZYh8/AXLvUQsrIv7s2CGM=",
      "dev": true
    },
    "prop-types": {
      "version": "15.7.2",
      "resolved": "https://registry.npmjs.org/prop-types/-/prop-types-15.7.2.tgz",
      "integrity": "sha512-8QQikdH7//R2vurIJSutZ1smHYTcLpRWEOlHnzcWHmBYrOGUysKwSsrC89BCiFj3CbrfJ/nXFdJepOVrY1GCHQ==",
      "dev": true,
      "requires": {
        "loose-envify": "^1.4.0",
        "object-assign": "^4.1.1",
        "react-is": "^16.8.1"
      }
    },
    "react": {
      "version": "16.8.6",
      "resolved": "https://registry.npmjs.org/react/-/react-16.8.6.tgz",
      "integrity": "sha512-pC0uMkhLaHm11ZSJULfOBqV4tIZkx87ZLvbbQYunNixAAvjnC+snJCg0XQXn9VIsttVsbZP/H/ewzgsd5fxKXw==",
      "dev": true,
      "requires": {
        "loose-envify": "^1.1.0",
        "object-assign": "^4.1.1",
        "prop-types": "^15.6.2",
        "scheduler": "^0.13.6"
      }
    },
    "react-is": {
      "version": "16.8.6",
      "resolved": "https://registry.npmjs.org/react-is/-/react-is-16.8.6.tgz",
      "integrity": "sha512-aUk3bHfZ2bRSVFFbbeVS4i+lNPZr3/WM5jT2J5omUVV1zzcs1nAaf3l51ctA5FFvCRbhrH0bdAsRRQddFJZPtA==",
      "dev": true
    },
    "react-lifecycles-compat": {
      "version": "3.0.4",
      "resolved": "https://registry.npmjs.org/react-lifecycles-compat/-/react-lifecycles-compat-3.0.4.tgz",
      "integrity": "sha512-fBASbA6LnOU9dOU2eW7aQ8xmYBSXUIWr+UmF9b1efZBazGNO+rcXT/icdKnYm2pTwcRylVUYwW7H1PHfLekVzA==",
      "dev": true
    },
    "scheduler": {
      "version": "0.13.6",
      "resolved": "https://registry.npmjs.org/scheduler/-/scheduler-0.13.6.tgz",
      "integrity": "sha512-IWnObHt413ucAYKsD9J1QShUKkbKLQQHdxRyw73sw4FN26iWr3DY/H34xGPe4nmL1DwXyWmSWmMrA9TfQbE/XQ==",
      "dev": true,
      "requires": {
        "loose-envify": "^1.1.0",
        "object-assign": "^4.1.1"
      }
    }
  }
}
