{
  "name": "@lskjs/theme",
  "version": "2.3.0-beta.15",
  "lockfileVersion": 2,
  "requires": true,
  "packages": {
    "": {
      "name": "@lskjs/theme",
      "version": "2.3.0-beta.10",
      "license": "MIT",
      "devDependencies": {
        "lodash": "4.17.20"
      },
      "peerDependencies": {
        "lodash": "*"
      }
    },
    "node_modules/lodash": {
      "version": "4.17.20",
      "resolved": "https://registry.npmjs.org/lodash/-/lodash-4.17.20.tgz",
      "integrity": "sha512-PlhdFcillOINfeV7Ni6oF1TAEayyZBoZ8bcshTHqOYJYlrqzRK5hagpagky5o4HfCzzd1TRkXPMFq6cKk9rGmA==",
      "dev": true
    }
  },
  "dependencies": {
    "lodash": {
      "version": "4.17.20",
      "resolved": "https://registry.npmjs.org/lodash/-/lodash-4.17.20.tgz",
      "integrity": "sha512-PlhdFcillOINfeV7Ni6oF1TAEayyZBoZ8bcshTHqOYJYlrqzRK5hagpagky5o4HfCzzd1TRkXPMFq6cKk9rGmA==",
      "dev": true
    }
  }
}
