{
  "name": "@lskjs/theme",
  "version": "0.36.11",
  "lockfileVersion": 1,
  "requires": true,
  "dependencies": {
    "animated-scroll-to": {
      "version": "1.2.2",
      "resolved": "https://registry.npmjs.org/animated-scroll-to/-/animated-scroll-to-1.2.2.tgz",
      "integrity": "sha512-16ipIWWKvRGAeTfgiqTdXDBLPU0fCIq5sGDMQSdQnIjkxgm3pHzzUZiJ+rT/3xVbOXpTTN72vf2C4y9vepDBHA=="
    },
    "lodash": {
      "version": "4.17.15",
      "resolved": "https://registry.npmjs.org/lodash/-/lodash-4.17.15.tgz",
      "integrity": "sha512-8xOcRHvCjnocdS5cpwXQXVzmmh5e5+saE2QGoeQmbKmRS6J3VQppPOIt0MnmE+4xlZoumy0GPG0D0MVIQbNA1A==",
      "dev": true
    }
  }
}
