{
  "name": "@lskjs/theme",
  "version": "1.0.0-alpha.0",
  "lockfileVersion": 1,
  "requires": true,
  "dependencies": {
    "animated-scroll-to": {
      "version": "1.3.1",
      "resolved": "https://registry.npmjs.org/animated-scroll-to/-/animated-scroll-to-1.3.1.tgz",
      "integrity": "sha512-LihfT808uwY1TmVw9CMemPKC2vMznSrR7O38hxjlZR/OvdI0Upc987AXIBexY9wT/cSDg7MFlME7hrsnI//DTQ=="
    },
    "lodash": {
      "version": "4.17.15",
      "resolved": "https://registry.npmjs.org/lodash/-/lodash-4.17.15.tgz",
      "integrity": "sha512-8xOcRHvCjnocdS5cpwXQXVzmmh5e5+saE2QGoeQmbKmRS6J3VQppPOIt0MnmE+4xlZoumy0GPG0D0MVIQbNA1A==",
      "dev": true
    }
  }
}
