{
  "name": "@lskjs/css",
  "version": "1.1.0",
  "lockfileVersion": 1,
  "requires": true,
  "dependencies": {
    "@babel/types": {
      "version": "7.8.3",
      "resolved": "https://registry.npmjs.org/@babel/types/-/types-7.8.3.tgz",
      "integrity": "sha512-jBD+G8+LWpMBBWvVcdr4QysjUE4mU/syrhN17o1u3gx0/WzJB1kwiVZAXRtWbsIPOwW8pF/YJV5+nmetPzepXg==",
      "dev": true,
      "requires": {
        "esutils": "^2.0.2",
        "lodash": "^4.17.13",
        "to-fast-properties": "^2.0.0"
      },
      "dependencies": {
        "esutils": {
          "version": "2.0.2",
          "resolved": "https://registry.npmjs.org/esutils/-/esutils-2.0.2.tgz",
          "integrity": "sha1-Cr9PHKpbyx96nYrMbepPqqBLrJs=",
          "dev": true
        },
        "lodash": {
          "version": "4.17.13",
          "resolved": "https://registry.npmjs.org/lodash/-/lodash-4.17.13.tgz",
          "integrity": "sha512-vm3/XWXfWtRua0FkUyEHBZy8kCPjErNBT9fJx8Zvs+U6zjqPbTUOpkaoum3O5uiA8sm+yNMHXfYkTUHFoMxFNA==",
          "dev": true
        }
      }
    },
    "@emotion/cache": {
      "version": "10.0.27",
      "resolved": "https://registry.npmjs.org/@emotion/cache/-/cache-10.0.27.tgz",
      "integrity": "sha512-Zp8BEpbMunFsTcqAK4D7YTm3MvCp1SekflSLJH8lze2fCcSZ/yMkXHo8kb3t1/1Tdd3hAqf3Fb7z9VZ+FMiC9w==",
      "dev": true,
      "requires": {
        "@emotion/sheet": "0.9.4",
        "@emotion/stylis": "0.8.5",
        "@emotion/utils": "0.11.3",
        "@emotion/weak-memoize": "0.2.5"
      }
    },
    "@emotion/core": {
      "version": "10.0.27",
      "resolved": "https://registry.npmjs.org/@emotion/core/-/core-10.0.27.tgz",
      "integrity": "sha512-XbD5R36pVbohQMnKfajHv43g8EbN4NHdF6Zh9zg/C0nr0jqwOw3gYnC07Xj3yG43OYSRyrGsoQ5qPwc8ycvLZw==",
      "dev": true,
      "requires": {
        "@babel/runtime": "^7.5.5",
        "@emotion/cache": "^10.0.27",
        "@emotion/css": "^10.0.27",
        "@emotion/serialize": "^0.11.15",
        "@emotion/sheet": "0.9.4",
        "@emotion/utils": "0.11.3"
      },
      "dependencies": {
        "@babel/runtime": {
          "version": "7.5.5",
          "resolved": "https://registry.npmjs.org/@babel/runtime/-/runtime-7.5.5.tgz",
          "integrity": "sha512-28QvEGyQyNkB0/m2B4FU7IEZGK2NUrcMtT6BZEFALTguLk+AUT6ofsHtPk5QyjAdUkpMJ+/Em+quwz4HOt30AQ==",
          "dev": true,
          "requires": {
            "regenerator-runtime": "^0.13.2"
          }
        }
      }
    },
    "@emotion/css": {
      "version": "10.0.27",
      "resolved": "https://registry.npmjs.org/@emotion/css/-/css-10.0.27.tgz",
      "integrity": "sha512-6wZjsvYeBhyZQYNrGoR5yPMYbMBNEnanDrqmsqS1mzDm1cOTu12shvl2j4QHNS36UaTE0USIJawCH9C8oW34Zw==",
      "dev": true,
      "requires": {
        "@emotion/serialize": "^0.11.15",
        "@emotion/utils": "0.11.3",
        "babel-plugin-emotion": "^10.0.27"
      }
    },
    "@emotion/hash": {
      "version": "0.7.4",
      "resolved": "https://registry.npmjs.org/@emotion/hash/-/hash-0.7.4.tgz",
      "integrity": "sha512-fxfMSBMX3tlIbKUdtGKxqB1fyrH6gVrX39Gsv3y8lRYKUqlgDt3UMqQyGnR1bQMa2B8aGnhLZokZgg8vT0Le+A==",
      "dev": true
    },
    "@emotion/memoize": {
      "version": "0.7.4",
      "resolved": "https://registry.npmjs.org/@emotion/memoize/-/memoize-0.7.4.tgz",
      "integrity": "sha512-Ja/Vfqe3HpuzRsG1oBtWTHk2PGZ7GR+2Vz5iYGelAw8dx32K0y7PjVuxK6z1nMpZOqAFsRUPCkK1YjJ56qJlgw==",
      "dev": true
    },
    "@emotion/serialize": {
      "version": "0.11.15",
      "resolved": "https://registry.npmjs.org/@emotion/serialize/-/serialize-0.11.15.tgz",
      "integrity": "sha512-YE+qnrmGwyR+XB5j7Bi+0GT1JWsdcjM/d4POu+TXkcnrRs4RFCCsi3d/Ebf+wSStHqAlTT2+dfd+b9N9EO2KBg==",
      "dev": true,
      "requires": {
        "@emotion/hash": "0.7.4",
        "@emotion/memoize": "0.7.4",
        "@emotion/unitless": "0.7.5",
        "@emotion/utils": "0.11.3",
        "csstype": "^2.5.7"
      },
      "dependencies": {
        "csstype": {
          "version": "2.5.7",
          "resolved": "https://registry.npmjs.org/csstype/-/csstype-2.5.7.tgz",
          "integrity": "sha512-Nt5VDyOTIIV4/nRFswoCKps1R5CD1hkiyjBE9/thNaNZILLEviVw9yWQw15+O+CpNjQKB/uvdcxFFOrSflY3Yw==",
          "dev": true
        }
      }
    },
    "@emotion/sheet": {
      "version": "0.9.4",
      "resolved": "https://registry.npmjs.org/@emotion/sheet/-/sheet-0.9.4.tgz",
      "integrity": "sha512-zM9PFmgVSqBw4zL101Q0HrBVTGmpAxFZH/pYx/cjJT5advXguvcgjHFTCaIO3enL/xr89vK2bh0Mfyj9aa0ANA==",
      "dev": true
    },
    "@emotion/stylis": {
      "version": "0.8.5",
      "resolved": "https://registry.npmjs.org/@emotion/stylis/-/stylis-0.8.5.tgz",
      "integrity": "sha512-h6KtPihKFn3T9fuIrwvXXUOwlx3rfUvfZIcP5a6rh8Y7zjE3O06hT5Ss4S/YI1AYhuZ1kjaE/5EaOOI2NqSylQ==",
      "dev": true
    },
    "@emotion/unitless": {
      "version": "0.7.5",
      "resolved": "https://registry.npmjs.org/@emotion/unitless/-/unitless-0.7.5.tgz",
      "integrity": "sha512-OWORNpfjMsSSUBVrRBVGECkhWcULOAJz9ZW8uK9qgxD+87M7jHRcvh/A96XXNhXTLmKcoYSQtBEX7lHMO7YRwg==",
      "dev": true
    },
    "@emotion/utils": {
      "version": "0.11.3",
      "resolved": "https://registry.npmjs.org/@emotion/utils/-/utils-0.11.3.tgz",
      "integrity": "sha512-0o4l6pZC+hI88+bzuaX/6BgOvQVhbt2PfmxauVaYOGgbsAw14wdKyvMCZXnsnsHys94iadcF+RG/wZyx6+ZZBw==",
      "dev": true
    },
    "@emotion/weak-memoize": {
      "version": "0.2.5",
      "resolved": "https://registry.npmjs.org/@emotion/weak-memoize/-/weak-memoize-0.2.5.tgz",
      "integrity": "sha512-6U71C2Wp7r5XtFtQzYrW5iKFT67OixrSxjI4MptCHzdSVlgabczzqLe0ZSgnub/5Kp4hSbpDB1tMytZY9pwxxA==",
      "dev": true
    },
    "argparse": {
      "version": "1.0.10",
      "resolved": "https://registry.npmjs.org/argparse/-/argparse-1.0.10.tgz",
      "integrity": "sha512-o5Roy6tNG4SL/FOkCAN6RzjiakZS25RLYFrcMttJqbdd8BWrnA+fGz57iN5Pb06pvBGvl5gQ0B48dJlslXvoTg==",
      "dev": true,
      "requires": {
        "sprintf-js": "~1.0.2"
      }
    },
    "babel-plugin-emotion": {
      "version": "10.0.27",
      "resolved": "https://registry.npmjs.org/babel-plugin-emotion/-/babel-plugin-emotion-10.0.27.tgz",
      "integrity": "sha512-SUNYcT4FqhOqvwv0z1oeYhqgheU8qrceLojuHyX17ngo7WtWqN5I9l3IGHzf21Xraj465CVzF4IvOlAF+3ed0A==",
      "dev": true,
      "requires": {
        "@babel/helper-module-imports": "^7.0.0",
        "@emotion/hash": "0.7.4",
        "@emotion/memoize": "0.7.4",
        "@emotion/serialize": "^0.11.15",
        "babel-plugin-macros": "^2.0.0",
        "babel-plugin-syntax-jsx": "^6.18.0",
        "convert-source-map": "^1.5.0",
        "escape-string-regexp": "^1.0.5",
        "find-root": "^1.1.0",
        "source-map": "^0.5.7"
      },
      "dependencies": {
        "@babel/helper-module-imports": {
          "version": "7.0.0",
          "resolved": "https://registry.npmjs.org/@babel/helper-module-imports/-/helper-module-imports-7.0.0.tgz",
          "integrity": "sha512-aP/hlLq01DWNEiDg4Jn23i+CXxW/owM4WpDLFUbpjxe4NS3BhLVZQ5i7E0ZrxuQ/vwekIeciyamgB1UIYxxM6A==",
          "dev": true,
          "requires": {
            "@babel/types": "^7.0.0"
          }
        },
        "babel-plugin-macros": {
          "version": "2.0.0",
          "resolved": "https://registry.npmjs.org/babel-plugin-macros/-/babel-plugin-macros-2.0.0.tgz",
          "integrity": "sha512-MSsoNjn8yLe3s71m4THcOXn1ZKXVHVpKNoRKCAEUe9mrkECAazW+ON5lJnjMPAuAPllAPh/WaUqoSduMu1//ew==",
          "dev": true,
          "requires": {
            "cosmiconfig": "3.1.0"
          }
        },
        "convert-source-map": {
          "version": "1.5.0",
          "resolved": "https://registry.npmjs.org/convert-source-map/-/convert-source-map-1.5.0.tgz",
          "integrity": "sha1-ms1whRxtXf3ZPZKC5e35SgP/RrU=",
          "dev": true
        },
        "cosmiconfig": {
          "version": "3.1.0",
          "resolved": "https://registry.npmjs.org/cosmiconfig/-/cosmiconfig-3.1.0.tgz",
          "integrity": "sha512-zedsBhLSbPBms+kE7AH4vHg6JsKDz6epSv2/+5XHs8ILHlgDciSJfSWf8sX9aQ52Jb7KI7VswUTsLpR/G0cr2Q==",
          "dev": true,
          "requires": {
            "is-directory": "^0.3.1",
            "js-yaml": "^3.9.0",
            "parse-json": "^3.0.0",
            "require-from-string": "^2.0.1"
          }
        },
        "parse-json": {
          "version": "3.0.0",
          "resolved": "https://registry.npmjs.org/parse-json/-/parse-json-3.0.0.tgz",
          "integrity": "sha1-+m9HsY4jgm6tMvJj50TQ4ehH+xM=",
          "dev": true,
          "requires": {
            "error-ex": "^1.3.1"
          }
        }
      }
    },
    "babel-plugin-syntax-jsx": {
      "version": "6.18.0",
      "resolved": "https://registry.npmjs.org/babel-plugin-syntax-jsx/-/babel-plugin-syntax-jsx-6.18.0.tgz",
      "integrity": "sha1-CvMqmm4Tyno/1QaeYtew9Y0NiUY=",
      "dev": true
    },
    "create-emotion": {
      "version": "10.0.27",
      "resolved": "https://registry.npmjs.org/create-emotion/-/create-emotion-10.0.27.tgz",
      "integrity": "sha512-fIK73w82HPPn/RsAij7+Zt8eCE8SptcJ3WoRMfxMtjteYxud8GDTKKld7MYwAX2TVhrw29uR1N/bVGxeStHILg==",
      "dev": true,
      "requires": {
        "@emotion/cache": "^10.0.27",
        "@emotion/serialize": "^0.11.15",
        "@emotion/sheet": "0.9.4",
        "@emotion/utils": "0.11.3"
      }
    },
    "emotion": {
      "version": "10.0.27",
      "resolved": "https://registry.npmjs.org/emotion/-/emotion-10.0.27.tgz",
      "integrity": "sha512-2xdDzdWWzue8R8lu4G76uWX5WhyQuzATon9LmNeCy/2BHVC6dsEpfhN1a0qhELgtDVdjyEA6J8Y/VlI5ZnaH0g==",
      "dev": true,
      "requires": {
        "babel-plugin-emotion": "^10.0.27",
        "create-emotion": "^10.0.27"
      }
    },
    "error-ex": {
      "version": "1.3.2",
      "resolved": "https://registry.npmjs.org/error-ex/-/error-ex-1.3.2.tgz",
      "integrity": "sha512-7dFHNmqeFSEt2ZBsCriorKnn3Z2pj+fd9kmI6QoWw4//DL+icEBfc0U7qJCisqrTsKTjw4fNFy2pW9OqStD84g==",
      "dev": true,
      "requires": {
        "is-arrayish": "^0.2.1"
      }
    },
    "escape-string-regexp": {
      "version": "1.0.5",
      "resolved": "https://registry.npmjs.org/escape-string-regexp/-/escape-string-regexp-1.0.5.tgz",
      "integrity": "sha1-G2HAViGQqN/2rjuyzwIAyhMLhtQ=",
      "dev": true
    },
    "esprima": {
      "version": "4.0.1",
      "resolved": "https://registry.npmjs.org/esprima/-/esprima-4.0.1.tgz",
      "integrity": "sha512-eGuFFw7Upda+g4p+QHvnW0RyTX/SVeJBDM/gCtMARO0cLuT2HcEKnTPvhjV6aGeqrCB/sbNop0Kszm0jsaWU4A==",
      "dev": true
    },
    "find-root": {
      "version": "1.1.0",
      "resolved": "https://registry.npmjs.org/find-root/-/find-root-1.1.0.tgz",
      "integrity": "sha512-NKfW6bec6GfKc0SGx1e07QZY9PE99u0Bft/0rzSD5k3sO/vwkVUpDUKVm5Gpp5Ue3YfShPFTX2070tDs5kB9Ng==",
      "dev": true
    },
    "is-arrayish": {
      "version": "0.2.1",
      "resolved": "https://registry.npmjs.org/is-arrayish/-/is-arrayish-0.2.1.tgz",
      "integrity": "sha1-d8mYQFJ6qOyxqLppe4BkWnqSap0=",
      "dev": true
    },
    "is-directory": {
      "version": "0.3.1",
      "resolved": "https://registry.npmjs.org/is-directory/-/is-directory-0.3.1.tgz",
      "integrity": "sha1-YTObbyR1/Hcv2cnYP1yFddwVSuE=",
      "dev": true
    },
    "js-yaml": {
      "version": "3.13.1",
      "resolved": "https://registry.npmjs.org/js-yaml/-/js-yaml-3.13.1.tgz",
      "integrity": "sha512-YfbcO7jXDdyj0DGxYVSlSeQNHbD7XPWvrVWeVUujrQEoZzWJIRrCPoyk6kL6IAjAG2IolMK4T0hNUe0HOUs5Jw==",
      "dev": true,
      "requires": {
        "argparse": "^1.0.7",
        "esprima": "^4.0.0"
      }
    },
    "regenerator-runtime": {
      "version": "0.13.3",
      "resolved": "https://registry.npmjs.org/regenerator-runtime/-/regenerator-runtime-0.13.3.tgz",
      "integrity": "sha512-naKIZz2GQ8JWh///G7L3X6LaQUAMp2lvb1rvwwsURe/VXwD6VMfr+/1NuNw3ag8v2kY1aQ/go5SNn79O9JU7yw==",
      "dev": true
    },
    "require-from-string": {
      "version": "2.0.2",
      "resolved": "https://registry.npmjs.org/require-from-string/-/require-from-string-2.0.2.tgz",
      "integrity": "sha512-Xf0nWe6RseziFMu+Ap9biiUbmplq6S9/p+7w7YXP/JBHhrUDDUhwa+vANyubuqfZWTveU//DYVGsDG7RKL/vEw==",
      "dev": true
    },
    "source-map": {
      "version": "0.5.7",
      "resolved": "https://registry.npmjs.org/source-map/-/source-map-0.5.7.tgz",
      "integrity": "sha1-igOdLRAh0i0eoUyA2OpGi6LvP8w=",
      "dev": true
    },
    "sprintf-js": {
      "version": "1.0.3",
      "resolved": "https://registry.npmjs.org/sprintf-js/-/sprintf-js-1.0.3.tgz",
      "integrity": "sha1-BOaSb2YolTVPPdAVIDYzuFcpfiw=",
      "dev": true
    },
    "to-fast-properties": {
      "version": "2.0.0",
      "resolved": "https://registry.npmjs.org/to-fast-properties/-/to-fast-properties-2.0.0.tgz",
      "integrity": "sha1-3F5pjL0HkmW8c+A3doGk5Og/YW4=",
      "dev": true
    }
  }
}
