{
  "name": "@lskjs/downloads",
  "version": "1.0.0-alpha.0",
  "lockfileVersion": 1,
  "requires": true,
  "dependencies": {
    "@babel/helper-module-imports": {
      "version": "7.0.0",
      "resolved": "https://registry.npmjs.org/@babel/helper-module-imports/-/helper-module-imports-7.0.0.tgz",
      "integrity": "sha512-aP/hlLq01DWNEiDg4Jn23i+CXxW/owM4WpDLFUbpjxe4NS3BhLVZQ5i7E0ZrxuQ/vwekIeciyamgB1UIYxxM6A==",
      "dev": true,
      "requires": {
        "@babel/types": "^7.0.0"
      }
    },
    "@babel/runtime": {
      "version": "7.5.5",
      "resolved": "https://registry.npmjs.org/@babel/runtime/-/runtime-7.5.5.tgz",
      "integrity": "sha512-28QvEGyQyNkB0/m2B4FU7IEZGK2NUrcMtT6BZEFALTguLk+AUT6ofsHtPk5QyjAdUkpMJ+/Em+quwz4HOt30AQ==",
      "dev": true,
      "requires": {
        "regenerator-runtime": "^0.13.2"
      }
    },
    "@babel/types": {
      "version": "7.5.5",
      "resolved": "https://registry.npmjs.org/@babel/types/-/types-7.5.5.tgz",
      "integrity": "sha512-s63F9nJioLqOlW3UkyMd+BYhXt44YuaFm/VV0VwuteqjYwRrObkU7ra9pY4wAJR3oXi8hJrMcrcJdO/HH33vtw==",
      "dev": true,
      "requires": {
        "esutils": "^2.0.2",
        "lodash": "^4.17.13",
        "to-fast-properties": "^2.0.0"
      },
      "dependencies": {
        "lodash": {
          "version": "4.17.15",
          "resolved": "https://registry.npmjs.org/lodash/-/lodash-4.17.15.tgz",
          "integrity": "sha512-8xOcRHvCjnocdS5cpwXQXVzmmh5e5+saE2QGoeQmbKmRS6J3VQppPOIt0MnmE+4xlZoumy0GPG0D0MVIQbNA1A==",
          "dev": true
        }
      }
    },
    "@emotion/cache": {
      "version": "10.0.27",
      "resolved": "https://registry.npmjs.org/@emotion/cache/-/cache-10.0.27.tgz",
      "integrity": "sha512-Zp8BEpbMunFsTcqAK4D7YTm3MvCp1SekflSLJH8lze2fCcSZ/yMkXHo8kb3t1/1Tdd3hAqf3Fb7z9VZ+FMiC9w==",
      "dev": true,
      "requires": {
        "@emotion/sheet": "0.9.4",
        "@emotion/stylis": "0.8.5",
        "@emotion/utils": "0.11.3",
        "@emotion/weak-memoize": "0.2.5"
      },
      "dependencies": {
        "@emotion/stylis": {
          "version": "0.8.5",
          "resolved": "https://registry.npmjs.org/@emotion/stylis/-/stylis-0.8.5.tgz",
          "integrity": "sha512-h6KtPihKFn3T9fuIrwvXXUOwlx3rfUvfZIcP5a6rh8Y7zjE3O06hT5Ss4S/YI1AYhuZ1kjaE/5EaOOI2NqSylQ==",
          "dev": true
        },
        "@emotion/utils": {
          "version": "0.11.3",
          "resolved": "https://registry.npmjs.org/@emotion/utils/-/utils-0.11.3.tgz",
          "integrity": "sha512-0o4l6pZC+hI88+bzuaX/6BgOvQVhbt2PfmxauVaYOGgbsAw14wdKyvMCZXnsnsHys94iadcF+RG/wZyx6+ZZBw==",
          "dev": true
        }
      }
    },
    "@emotion/core": {
      "version": "10.0.27",
      "resolved": "https://registry.npmjs.org/@emotion/core/-/core-10.0.27.tgz",
      "integrity": "sha512-XbD5R36pVbohQMnKfajHv43g8EbN4NHdF6Zh9zg/C0nr0jqwOw3gYnC07Xj3yG43OYSRyrGsoQ5qPwc8ycvLZw==",
      "dev": true,
      "requires": {
        "@babel/runtime": "^7.5.5",
        "@emotion/cache": "^10.0.27",
        "@emotion/css": "^10.0.27",
        "@emotion/serialize": "^0.11.15",
        "@emotion/sheet": "0.9.4",
        "@emotion/utils": "0.11.3"
      },
      "dependencies": {
        "@emotion/hash": {
          "version": "0.7.4",
          "resolved": "https://registry.npmjs.org/@emotion/hash/-/hash-0.7.4.tgz",
          "integrity": "sha512-fxfMSBMX3tlIbKUdtGKxqB1fyrH6gVrX39Gsv3y8lRYKUqlgDt3UMqQyGnR1bQMa2B8aGnhLZokZgg8vT0Le+A==",
          "dev": true
        },
        "@emotion/memoize": {
          "version": "0.7.4",
          "resolved": "https://registry.npmjs.org/@emotion/memoize/-/memoize-0.7.4.tgz",
          "integrity": "sha512-Ja/Vfqe3HpuzRsG1oBtWTHk2PGZ7GR+2Vz5iYGelAw8dx32K0y7PjVuxK6z1nMpZOqAFsRUPCkK1YjJ56qJlgw==",
          "dev": true
        },
        "@emotion/serialize": {
          "version": "0.11.15",
          "resolved": "https://registry.npmjs.org/@emotion/serialize/-/serialize-0.11.15.tgz",
          "integrity": "sha512-YE+qnrmGwyR+XB5j7Bi+0GT1JWsdcjM/d4POu+TXkcnrRs4RFCCsi3d/Ebf+wSStHqAlTT2+dfd+b9N9EO2KBg==",
          "dev": true,
          "requires": {
            "@emotion/hash": "0.7.4",
            "@emotion/memoize": "0.7.4",
            "@emotion/unitless": "0.7.5",
            "@emotion/utils": "0.11.3",
            "csstype": "^2.5.7"
          }
        },
        "@emotion/unitless": {
          "version": "0.7.5",
          "resolved": "https://registry.npmjs.org/@emotion/unitless/-/unitless-0.7.5.tgz",
          "integrity": "sha512-OWORNpfjMsSSUBVrRBVGECkhWcULOAJz9ZW8uK9qgxD+87M7jHRcvh/A96XXNhXTLmKcoYSQtBEX7lHMO7YRwg==",
          "dev": true
        },
        "@emotion/utils": {
          "version": "0.11.3",
          "resolved": "https://registry.npmjs.org/@emotion/utils/-/utils-0.11.3.tgz",
          "integrity": "sha512-0o4l6pZC+hI88+bzuaX/6BgOvQVhbt2PfmxauVaYOGgbsAw14wdKyvMCZXnsnsHys94iadcF+RG/wZyx6+ZZBw==",
          "dev": true
        }
      }
    },
    "@emotion/css": {
      "version": "10.0.27",
      "resolved": "https://registry.npmjs.org/@emotion/css/-/css-10.0.27.tgz",
      "integrity": "sha512-6wZjsvYeBhyZQYNrGoR5yPMYbMBNEnanDrqmsqS1mzDm1cOTu12shvl2j4QHNS36UaTE0USIJawCH9C8oW34Zw==",
      "dev": true,
      "requires": {
        "@emotion/serialize": "^0.11.15",
        "@emotion/utils": "0.11.3",
        "babel-plugin-emotion": "^10.0.27"
      },
      "dependencies": {
        "@emotion/hash": {
          "version": "0.7.4",
          "resolved": "https://registry.npmjs.org/@emotion/hash/-/hash-0.7.4.tgz",
          "integrity": "sha512-fxfMSBMX3tlIbKUdtGKxqB1fyrH6gVrX39Gsv3y8lRYKUqlgDt3UMqQyGnR1bQMa2B8aGnhLZokZgg8vT0Le+A==",
          "dev": true
        },
        "@emotion/memoize": {
          "version": "0.7.4",
          "resolved": "https://registry.npmjs.org/@emotion/memoize/-/memoize-0.7.4.tgz",
          "integrity": "sha512-Ja/Vfqe3HpuzRsG1oBtWTHk2PGZ7GR+2Vz5iYGelAw8dx32K0y7PjVuxK6z1nMpZOqAFsRUPCkK1YjJ56qJlgw==",
          "dev": true
        },
        "@emotion/serialize": {
          "version": "0.11.15",
          "resolved": "https://registry.npmjs.org/@emotion/serialize/-/serialize-0.11.15.tgz",
          "integrity": "sha512-YE+qnrmGwyR+XB5j7Bi+0GT1JWsdcjM/d4POu+TXkcnrRs4RFCCsi3d/Ebf+wSStHqAlTT2+dfd+b9N9EO2KBg==",
          "dev": true,
          "requires": {
            "@emotion/hash": "0.7.4",
            "@emotion/memoize": "0.7.4",
            "@emotion/unitless": "0.7.5",
            "@emotion/utils": "0.11.3",
            "csstype": "^2.5.7"
          }
        },
        "@emotion/unitless": {
          "version": "0.7.5",
          "resolved": "https://registry.npmjs.org/@emotion/unitless/-/unitless-0.7.5.tgz",
          "integrity": "sha512-OWORNpfjMsSSUBVrRBVGECkhWcULOAJz9ZW8uK9qgxD+87M7jHRcvh/A96XXNhXTLmKcoYSQtBEX7lHMO7YRwg==",
          "dev": true
        },
        "@emotion/utils": {
          "version": "0.11.3",
          "resolved": "https://registry.npmjs.org/@emotion/utils/-/utils-0.11.3.tgz",
          "integrity": "sha512-0o4l6pZC+hI88+bzuaX/6BgOvQVhbt2PfmxauVaYOGgbsAw14wdKyvMCZXnsnsHys94iadcF+RG/wZyx6+ZZBw==",
          "dev": true
        },
        "babel-plugin-emotion": {
          "version": "10.0.27",
          "resolved": "https://registry.npmjs.org/babel-plugin-emotion/-/babel-plugin-emotion-10.0.27.tgz",
          "integrity": "sha512-SUNYcT4FqhOqvwv0z1oeYhqgheU8qrceLojuHyX17ngo7WtWqN5I9l3IGHzf21Xraj465CVzF4IvOlAF+3ed0A==",
          "dev": true,
          "requires": {
            "@babel/helper-module-imports": "^7.0.0",
            "@emotion/hash": "0.7.4",
            "@emotion/memoize": "0.7.4",
            "@emotion/serialize": "^0.11.15",
            "babel-plugin-macros": "^2.0.0",
            "babel-plugin-syntax-jsx": "^6.18.0",
            "convert-source-map": "^1.5.0",
            "escape-string-regexp": "^1.0.5",
            "find-root": "^1.1.0",
            "source-map": "^0.5.7"
          }
        }
      }
    },
    "@emotion/sheet": {
      "version": "0.9.4",
      "resolved": "https://registry.npmjs.org/@emotion/sheet/-/sheet-0.9.4.tgz",
      "integrity": "sha512-zM9PFmgVSqBw4zL101Q0HrBVTGmpAxFZH/pYx/cjJT5advXguvcgjHFTCaIO3enL/xr89vK2bh0Mfyj9aa0ANA==",
      "dev": true
    },
    "@emotion/styled": {
      "version": "10.0.27",
      "resolved": "https://registry.npmjs.org/@emotion/styled/-/styled-10.0.27.tgz",
      "integrity": "sha512-iK/8Sh7+NLJzyp9a5+vIQIXTYxfT4yB/OJbjzQanB2RZpvmzBQOHZWhpAMZWYEKRNNbsD6WfBw5sVWkb6WzS/Q==",
      "dev": true,
      "requires": {
        "@emotion/styled-base": "^10.0.27",
        "babel-plugin-emotion": "^10.0.27"
      },
      "dependencies": {
        "@emotion/hash": {
          "version": "0.7.4",
          "resolved": "https://registry.npmjs.org/@emotion/hash/-/hash-0.7.4.tgz",
          "integrity": "sha512-fxfMSBMX3tlIbKUdtGKxqB1fyrH6gVrX39Gsv3y8lRYKUqlgDt3UMqQyGnR1bQMa2B8aGnhLZokZgg8vT0Le+A==",
          "dev": true
        },
        "@emotion/memoize": {
          "version": "0.7.4",
          "resolved": "https://registry.npmjs.org/@emotion/memoize/-/memoize-0.7.4.tgz",
          "integrity": "sha512-Ja/Vfqe3HpuzRsG1oBtWTHk2PGZ7GR+2Vz5iYGelAw8dx32K0y7PjVuxK6z1nMpZOqAFsRUPCkK1YjJ56qJlgw==",
          "dev": true
        },
        "@emotion/serialize": {
          "version": "0.11.15",
          "resolved": "https://registry.npmjs.org/@emotion/serialize/-/serialize-0.11.15.tgz",
          "integrity": "sha512-YE+qnrmGwyR+XB5j7Bi+0GT1JWsdcjM/d4POu+TXkcnrRs4RFCCsi3d/Ebf+wSStHqAlTT2+dfd+b9N9EO2KBg==",
          "dev": true,
          "requires": {
            "@emotion/hash": "0.7.4",
            "@emotion/memoize": "0.7.4",
            "@emotion/unitless": "0.7.5",
            "@emotion/utils": "0.11.3",
            "csstype": "^2.5.7"
          }
        },
        "@emotion/unitless": {
          "version": "0.7.5",
          "resolved": "https://registry.npmjs.org/@emotion/unitless/-/unitless-0.7.5.tgz",
          "integrity": "sha512-OWORNpfjMsSSUBVrRBVGECkhWcULOAJz9ZW8uK9qgxD+87M7jHRcvh/A96XXNhXTLmKcoYSQtBEX7lHMO7YRwg==",
          "dev": true
        },
        "@emotion/utils": {
          "version": "0.11.3",
          "resolved": "https://registry.npmjs.org/@emotion/utils/-/utils-0.11.3.tgz",
          "integrity": "sha512-0o4l6pZC+hI88+bzuaX/6BgOvQVhbt2PfmxauVaYOGgbsAw14wdKyvMCZXnsnsHys94iadcF+RG/wZyx6+ZZBw==",
          "dev": true
        },
        "babel-plugin-emotion": {
          "version": "10.0.27",
          "resolved": "https://registry.npmjs.org/babel-plugin-emotion/-/babel-plugin-emotion-10.0.27.tgz",
          "integrity": "sha512-SUNYcT4FqhOqvwv0z1oeYhqgheU8qrceLojuHyX17ngo7WtWqN5I9l3IGHzf21Xraj465CVzF4IvOlAF+3ed0A==",
          "dev": true,
          "requires": {
            "@babel/helper-module-imports": "^7.0.0",
            "@emotion/hash": "0.7.4",
            "@emotion/memoize": "0.7.4",
            "@emotion/serialize": "^0.11.15",
            "babel-plugin-macros": "^2.0.0",
            "babel-plugin-syntax-jsx": "^6.18.0",
            "convert-source-map": "^1.5.0",
            "escape-string-regexp": "^1.0.5",
            "find-root": "^1.1.0",
            "source-map": "^0.5.7"
          }
        }
      }
    },
    "@emotion/styled-base": {
      "version": "10.0.27",
      "resolved": "https://registry.npmjs.org/@emotion/styled-base/-/styled-base-10.0.27.tgz",
      "integrity": "sha512-ufHM/HhE3nr309hJG9jxuFt71r6aHn7p+bwXduFxcwPFEfBIqvmZUMtZ9YxIsY61PVwK3bp4G1XhaCzy9smVvw==",
      "dev": true,
      "requires": {
        "@babel/runtime": "^7.5.5",
        "@emotion/is-prop-valid": "0.8.6",
        "@emotion/serialize": "^0.11.15",
        "@emotion/utils": "0.11.3"
      },
      "dependencies": {
        "@emotion/hash": {
          "version": "0.7.4",
          "resolved": "https://registry.npmjs.org/@emotion/hash/-/hash-0.7.4.tgz",
          "integrity": "sha512-fxfMSBMX3tlIbKUdtGKxqB1fyrH6gVrX39Gsv3y8lRYKUqlgDt3UMqQyGnR1bQMa2B8aGnhLZokZgg8vT0Le+A==",
          "dev": true
        },
        "@emotion/is-prop-valid": {
          "version": "0.8.6",
          "resolved": "https://registry.npmjs.org/@emotion/is-prop-valid/-/is-prop-valid-0.8.6.tgz",
          "integrity": "sha512-mnZMho3Sq8BfzkYYRVc8ilQTnc8U02Ytp6J1AwM6taQStZ3AhsEJBX2LzhA/LJirNCwM2VtHL3VFIZ+sNJUgUQ==",
          "dev": true,
          "requires": {
            "@emotion/memoize": "0.7.4"
          }
        },
        "@emotion/memoize": {
          "version": "0.7.4",
          "resolved": "https://registry.npmjs.org/@emotion/memoize/-/memoize-0.7.4.tgz",
          "integrity": "sha512-Ja/Vfqe3HpuzRsG1oBtWTHk2PGZ7GR+2Vz5iYGelAw8dx32K0y7PjVuxK6z1nMpZOqAFsRUPCkK1YjJ56qJlgw==",
          "dev": true
        },
        "@emotion/serialize": {
          "version": "0.11.15",
          "resolved": "https://registry.npmjs.org/@emotion/serialize/-/serialize-0.11.15.tgz",
          "integrity": "sha512-YE+qnrmGwyR+XB5j7Bi+0GT1JWsdcjM/d4POu+TXkcnrRs4RFCCsi3d/Ebf+wSStHqAlTT2+dfd+b9N9EO2KBg==",
          "dev": true,
          "requires": {
            "@emotion/hash": "0.7.4",
            "@emotion/memoize": "0.7.4",
            "@emotion/unitless": "0.7.5",
            "@emotion/utils": "0.11.3",
            "csstype": "^2.5.7"
          }
        },
        "@emotion/unitless": {
          "version": "0.7.5",
          "resolved": "https://registry.npmjs.org/@emotion/unitless/-/unitless-0.7.5.tgz",
          "integrity": "sha512-OWORNpfjMsSSUBVrRBVGECkhWcULOAJz9ZW8uK9qgxD+87M7jHRcvh/A96XXNhXTLmKcoYSQtBEX7lHMO7YRwg==",
          "dev": true
        },
        "@emotion/utils": {
          "version": "0.11.3",
          "resolved": "https://registry.npmjs.org/@emotion/utils/-/utils-0.11.3.tgz",
          "integrity": "sha512-0o4l6pZC+hI88+bzuaX/6BgOvQVhbt2PfmxauVaYOGgbsAw14wdKyvMCZXnsnsHys94iadcF+RG/wZyx6+ZZBw==",
          "dev": true
        }
      }
    },
    "@emotion/weak-memoize": {
      "version": "0.2.5",
      "resolved": "https://registry.npmjs.org/@emotion/weak-memoize/-/weak-memoize-0.2.5.tgz",
      "integrity": "sha512-6U71C2Wp7r5XtFtQzYrW5iKFT67OixrSxjI4MptCHzdSVlgabczzqLe0ZSgnub/5Kp4hSbpDB1tMytZY9pwxxA==",
      "dev": true
    },
    "@lskjs/autobind": {
      "version": "0.39.0",
      "resolved": "https://registry.npmjs.org/@lskjs/autobind/-/autobind-0.39.0.tgz",
      "integrity": "sha512-Ixf+OQj+8Nv+CgtcYLBNFiOquJWzt6KtqGNKQNAfntdm/8YHRUGN1V/Ha5ouT8GnfGEM3rYt1lMW+ug6tvRiFg==",
      "dev": true,
      "requires": {
        "autobind-decorator": "^2.4.0"
      }
    },
    "@lskjs/button": {
      "version": "0.36.23",
      "resolved": "https://registry.npmjs.org/@lskjs/button/-/button-0.36.23.tgz",
      "integrity": "sha512-2iC7MEwun5ckLfUwbh/HqQFFUwe4A4QU0dPh+9mhU6VoaORuepVia3pTT+rcix0jOE8PDB2Dk2RL07TU+YbtXA==",
      "dev": true,
      "requires": {
        "react-if": "^3.1.3"
      }
    },
    "@lskjs/css": {
      "version": "0.36.21",
      "resolved": "https://registry.npmjs.org/@lskjs/css/-/css-0.36.21.tgz",
      "integrity": "sha512-vbKxrFpIzdseaXMVgB32M4+87FwpQ2LBtvq1Ek+J5OelNP1SkKOsOOQWZL8hLEMM4xtM97SZHFivvhgI9Do4zw==",
      "dev": true
    },
    "@lskjs/dev": {
      "version": "0.36.23",
      "resolved": "https://registry.npmjs.org/@lskjs/dev/-/dev-0.36.23.tgz",
      "integrity": "sha512-Ev24AMvfCYHWqD2sUPvyYRILv7btVj3G0wpBxmS1/+02U6eqPGjlq92TqnAjnp4NaqfL0N3lo1r+2VEW4bgHHA==",
      "dev": true
    },
    "@lskjs/mobx": {
      "version": "0.39.0",
      "resolved": "https://registry.npmjs.org/@lskjs/mobx/-/mobx-0.39.0.tgz",
      "integrity": "sha512-EOymb3m/H3HSM/576zdtDPxpZyCQ9zQy9ghMt+1iso5pU2PAP1/xvRp2Z0ZrUsc2oMg1U3YcvqONYt/WlfBNOA==",
      "dev": true
    },
    "@lskjs/theme": {
      "version": "0.36.23",
      "resolved": "https://registry.npmjs.org/@lskjs/theme/-/theme-0.36.23.tgz",
      "integrity": "sha512-9NSSfIrp7t80b73cv6NzNfBJ/swP2C2WjB3wgLG+/MnsiBw5SYhvEGpM9Ny2+AnPGN+ts0mij/ZoYFb1rC0w2w==",
      "dev": true,
      "requires": {
        "animated-scroll-to": "^1.2.2"
      }
    },
    "@lskjs/utils": {
      "version": "0.39.0",
      "resolved": "https://registry.npmjs.org/@lskjs/utils/-/utils-0.39.0.tgz",
      "integrity": "sha512-YH3d127bM4Zf9/nkdukRWlT2QD84hv3tSlfY/FvKO6rm4e3ywFRas1TUmGrBwZxUK4sTe6h2QI/Hr2pp+4UgSQ==",
      "dev": true,
      "requires": {
        "csv-string": "^3.1.5",
        "moment": "*"
      }
    },
    "adler-32": {
      "version": "1.2.0",
      "resolved": "https://registry.npmjs.org/adler-32/-/adler-32-1.2.0.tgz",
      "integrity": "sha1-aj5r8KY5ALoVZSgIyxXGgT0aXyU=",
      "requires": {
        "exit-on-epipe": "~1.0.1",
        "printj": "~1.1.0"
      }
    },
    "animated-scroll-to": {
      "version": "1.3.1",
      "resolved": "https://registry.npmjs.org/animated-scroll-to/-/animated-scroll-to-1.3.1.tgz",
      "integrity": "sha512-LihfT808uwY1TmVw9CMemPKC2vMznSrR7O38hxjlZR/OvdI0Upc987AXIBexY9wT/cSDg7MFlME7hrsnI//DTQ==",
      "dev": true
    },
    "argparse": {
      "version": "1.0.10",
      "resolved": "https://registry.npmjs.org/argparse/-/argparse-1.0.10.tgz",
      "integrity": "sha512-o5Roy6tNG4SL/FOkCAN6RzjiakZS25RLYFrcMttJqbdd8BWrnA+fGz57iN5Pb06pvBGvl5gQ0B48dJlslXvoTg==",
      "dev": true,
      "requires": {
        "sprintf-js": "~1.0.2"
      }
    },
    "autobind-decorator": {
      "version": "2.4.0",
      "resolved": "https://registry.npmjs.org/autobind-decorator/-/autobind-decorator-2.4.0.tgz",
      "integrity": "sha512-OGYhWUO72V6DafbF8PM8rm3EPbfuyMZcJhtm5/n26IDwO18pohE4eNazLoCGhPiXOCD0gEGmrbU3849QvM8bbw==",
      "dev": true
    },
    "axios": {
      "version": "0.19.2",
      "resolved": "https://registry.npmjs.org/axios/-/axios-0.19.2.tgz",
      "integrity": "sha512-fjgm5MvRHLhx+osE2xoekY70AhARk3a6hkN+3Io1jc00jtquGvxYlKlsFUhmUET0V5te6CcZI7lcv2Ym61mjHA==",
      "dev": true,
      "requires": {
        "follow-redirects": "1.5.10"
      }
    },
    "babel-plugin-macros": {
      "version": "2.6.1",
      "resolved": "https://registry.npmjs.org/babel-plugin-macros/-/babel-plugin-macros-2.6.1.tgz",
      "integrity": "sha512-6W2nwiXme6j1n2erPOnmRiWfObUhWH7Qw1LMi9XZy8cj+KtESu3T6asZvtk5bMQQjX8te35o7CFueiSdL/2NmQ==",
      "dev": true,
      "requires": {
        "@babel/runtime": "^7.4.2",
        "cosmiconfig": "^5.2.0",
        "resolve": "^1.10.0"
      }
    },
    "babel-plugin-syntax-jsx": {
      "version": "6.18.0",
      "resolved": "https://registry.npmjs.org/babel-plugin-syntax-jsx/-/babel-plugin-syntax-jsx-6.18.0.tgz",
      "integrity": "sha1-CvMqmm4Tyno/1QaeYtew9Y0NiUY=",
      "dev": true
    },
    "caller-callsite": {
      "version": "2.0.0",
      "resolved": "https://registry.npmjs.org/caller-callsite/-/caller-callsite-2.0.0.tgz",
      "integrity": "sha1-hH4PzgoiN1CpoCfFSzNzGtMVQTQ=",
      "dev": true,
      "requires": {
        "callsites": "^2.0.0"
      }
    },
    "caller-path": {
      "version": "2.0.0",
      "resolved": "https://registry.npmjs.org/caller-path/-/caller-path-2.0.0.tgz",
      "integrity": "sha1-Ro+DBE42mrIBD6xfBs7uFbsssfQ=",
      "dev": true,
      "requires": {
        "caller-callsite": "^2.0.0"
      }
    },
    "callsites": {
      "version": "2.0.0",
      "resolved": "https://registry.npmjs.org/callsites/-/callsites-2.0.0.tgz",
      "integrity": "sha1-BuuE8A7qQT2oav/vrL/7Ngk7PFA=",
      "dev": true
    },
    "cfb": {
      "version": "1.1.3",
      "resolved": "https://registry.npmjs.org/cfb/-/cfb-1.1.3.tgz",
      "integrity": "sha512-joXBW0nMuwV9no7UTMiyVJnQL6XIU3ThXVjFUDHgl9MpILPOomyfaGqC290VELZ48bbQKZXnQ81UT5HouTxHsw==",
      "requires": {
        "adler-32": "~1.2.0",
        "commander": "^2.16.0",
        "crc-32": "~1.2.0",
        "printj": "~1.1.2"
      }
    },
    "commander": {
      "version": "2.20.3",
      "resolved": "https://registry.npmjs.org/commander/-/commander-2.20.3.tgz",
      "integrity": "sha512-GpVkmM8vF2vQUkj2LvZmD35JxeJOLCwJ9cUkugyk2nuhbv3+mJvpLYYt+0+USMxE+oj+ey/lJEnhZw75x/OMcQ=="
    },
    "convert-source-map": {
      "version": "1.6.0",
      "resolved": "https://registry.npmjs.org/convert-source-map/-/convert-source-map-1.6.0.tgz",
      "integrity": "sha512-eFu7XigvxdZ1ETfbgPBohgyQ/Z++C0eEhTor0qRwBw9unw+L0/6V8wkSuGgzdThkiS5lSpdptOQPD8Ak40a+7A==",
      "dev": true,
      "requires": {
        "safe-buffer": "~5.1.1"
      }
    },
    "core-util-is": {
      "version": "1.0.2",
      "resolved": "https://registry.npmjs.org/core-util-is/-/core-util-is-1.0.2.tgz",
      "integrity": "sha1-tf1UIgqivFq1eqtxQMlAdUUDwac="
    },
    "cosmiconfig": {
      "version": "5.2.1",
      "resolved": "https://registry.npmjs.org/cosmiconfig/-/cosmiconfig-5.2.1.tgz",
      "integrity": "sha512-H65gsXo1SKjf8zmrJ67eJk8aIRKV5ff2D4uKZIBZShbhGSpEmsQOPW/SKMKYhSTrqR7ufy6RP69rPogdaPh/kA==",
      "dev": true,
      "requires": {
        "import-fresh": "^2.0.0",
        "is-directory": "^0.3.1",
        "js-yaml": "^3.13.1",
        "parse-json": "^4.0.0"
      }
    },
    "crc-32": {
      "version": "1.2.0",
      "resolved": "https://registry.npmjs.org/crc-32/-/crc-32-1.2.0.tgz",
      "integrity": "sha512-1uBwHxF+Y/4yF5G48fwnKq6QsIXheor3ZLPT80yGBV1oEUwpPojlEhQbWKVw1VwcTQyMGHK1/XMmTjmlsmTTGA==",
      "requires": {
        "exit-on-epipe": "~1.0.1",
        "printj": "~1.1.0"
      }
    },
    "csstype": {
      "version": "2.6.6",
      "resolved": "https://registry.npmjs.org/csstype/-/csstype-2.6.6.tgz",
      "integrity": "sha512-RpFbQGUE74iyPgvr46U9t1xoQBM8T4BL8SxrN66Le2xYAPSaDJJKeztV3awugusb3g3G9iL8StmkBBXhcbbXhg==",
      "dev": true
    },
    "csv-string": {
      "version": "3.1.7",
      "resolved": "https://registry.npmjs.org/csv-string/-/csv-string-3.1.7.tgz",
      "integrity": "sha512-36J9ILEVYQ/z7BbnPMW2MqfxA6TF84Xye4hcSTH/dXin5Uuh2ouSqBk5A//75Y+Bv3z7APjK0BINNmxVN1mXpA==",
      "dev": true
    },
    "debug": {
      "version": "3.1.0",
      "resolved": "https://registry.npmjs.org/debug/-/debug-3.1.0.tgz",
      "integrity": "sha512-OX8XqP7/1a9cqkxYw2yXss15f26NKWBpDXQd0/uK/KPqdQhxbPa994hnzjcE2VqQpDslf55723cKPUOGSmMY3g==",
      "dev": true,
      "requires": {
        "ms": "2.0.0"
      }
    },
    "emotion-theming": {
      "version": "10.0.27",
      "resolved": "https://registry.npmjs.org/emotion-theming/-/emotion-theming-10.0.27.tgz",
      "integrity": "sha512-MlF1yu/gYh8u+sLUqA0YuA9JX0P4Hb69WlKc/9OLo+WCXuX6sy/KoIa+qJimgmr2dWqnypYKYPX37esjDBbhdw==",
      "dev": true,
      "requires": {
        "@babel/runtime": "^7.5.5",
        "@emotion/weak-memoize": "0.2.5",
        "hoist-non-react-statics": "^3.3.0"
      }
    },
    "error-ex": {
      "version": "1.3.2",
      "resolved": "https://registry.npmjs.org/error-ex/-/error-ex-1.3.2.tgz",
      "integrity": "sha512-7dFHNmqeFSEt2ZBsCriorKnn3Z2pj+fd9kmI6QoWw4//DL+icEBfc0U7qJCisqrTsKTjw4fNFy2pW9OqStD84g==",
      "dev": true,
      "requires": {
        "is-arrayish": "^0.2.1"
      }
    },
    "escape-string-regexp": {
      "version": "1.0.5",
      "resolved": "https://registry.npmjs.org/escape-string-regexp/-/escape-string-regexp-1.0.5.tgz",
      "integrity": "sha1-G2HAViGQqN/2rjuyzwIAyhMLhtQ=",
      "dev": true
    },
    "esprima": {
      "version": "4.0.1",
      "resolved": "https://registry.npmjs.org/esprima/-/esprima-4.0.1.tgz",
      "integrity": "sha512-eGuFFw7Upda+g4p+QHvnW0RyTX/SVeJBDM/gCtMARO0cLuT2HcEKnTPvhjV6aGeqrCB/sbNop0Kszm0jsaWU4A==",
      "dev": true
    },
    "esutils": {
      "version": "2.0.3",
      "resolved": "https://registry.npmjs.org/esutils/-/esutils-2.0.3.tgz",
      "integrity": "sha512-kVscqXk4OCp68SZ0dkgEKVi6/8ij300KBWTJq32P/dYeWTSwK41WyTxalN1eRmA5Z9UU/LX9D7FWSmV9SAYx6g==",
      "dev": true
    },
    "exit-on-epipe": {
      "version": "1.0.1",
      "resolved": "https://registry.npmjs.org/exit-on-epipe/-/exit-on-epipe-1.0.1.tgz",
      "integrity": "sha512-h2z5mrROTxce56S+pnvAV890uu7ls7f1kEvVGJbw1OlFH3/mlJ5bkXu0KRyW94v37zzHPiUd55iLn3DA7TjWpw=="
    },
    "find-root": {
      "version": "1.1.0",
      "resolved": "https://registry.npmjs.org/find-root/-/find-root-1.1.0.tgz",
      "integrity": "sha512-NKfW6bec6GfKc0SGx1e07QZY9PE99u0Bft/0rzSD5k3sO/vwkVUpDUKVm5Gpp5Ue3YfShPFTX2070tDs5kB9Ng==",
      "dev": true
    },
    "follow-redirects": {
      "version": "1.5.10",
      "resolved": "https://registry.npmjs.org/follow-redirects/-/follow-redirects-1.5.10.tgz",
      "integrity": "sha512-0V5l4Cizzvqt5D44aTXbFZz+FtyXV1vrDN6qrelxtfYQKW0KO0W2T/hkE8xvGa/540LkZlkaUjO4ailYTFtHVQ==",
      "dev": true,
      "requires": {
        "debug": "=3.1.0"
      }
    },
    "hoist-non-react-statics": {
      "version": "3.3.2",
      "resolved": "https://registry.npmjs.org/hoist-non-react-statics/-/hoist-non-react-statics-3.3.2.tgz",
      "integrity": "sha512-/gGivxi8JPKWNm/W0jSmzcMPpfpPLc3dY/6GxhX2hQ9iGj3aDfklV4ET7NjKpSinLpJ5vafa9iiGIEZg10SfBw==",
      "dev": true,
      "requires": {
        "react-is": "^16.7.0"
      }
    },
    "immediate": {
      "version": "3.0.6",
      "resolved": "https://registry.npmjs.org/immediate/-/immediate-3.0.6.tgz",
      "integrity": "sha1-nbHb0Pr43m++D13V5Wu2BigN5ps="
    },
    "import-fresh": {
      "version": "2.0.0",
      "resolved": "https://registry.npmjs.org/import-fresh/-/import-fresh-2.0.0.tgz",
      "integrity": "sha1-2BNVwVYS04bGH53dOSLUMEgipUY=",
      "dev": true,
      "requires": {
        "caller-path": "^2.0.0",
        "resolve-from": "^3.0.0"
      },
      "dependencies": {
        "resolve-from": {
          "version": "3.0.0",
          "resolved": "https://registry.npmjs.org/resolve-from/-/resolve-from-3.0.0.tgz",
          "integrity": "sha1-six699nWiBvItuZTM17rywoYh0g=",
          "dev": true
        }
      }
    },
    "inherits": {
      "version": "2.0.4",
      "resolved": "https://registry.npmjs.org/inherits/-/inherits-2.0.4.tgz",
      "integrity": "sha512-k/vGaX4/Yla3WzyMCvTQOXYeIHvqOKtnqBduzTHpzpQZzAskKMhZ2K+EnBiSM9zGSoIFeMpXKxa4dYeZIQqewQ=="
    },
    "is-arrayish": {
      "version": "0.2.1",
      "resolved": "https://registry.npmjs.org/is-arrayish/-/is-arrayish-0.2.1.tgz",
      "integrity": "sha1-d8mYQFJ6qOyxqLppe4BkWnqSap0=",
      "dev": true
    },
    "is-directory": {
      "version": "0.3.1",
      "resolved": "https://registry.npmjs.org/is-directory/-/is-directory-0.3.1.tgz",
      "integrity": "sha1-YTObbyR1/Hcv2cnYP1yFddwVSuE=",
      "dev": true
    },
    "isarray": {
      "version": "1.0.0",
      "resolved": "https://registry.npmjs.org/isarray/-/isarray-1.0.0.tgz",
      "integrity": "sha1-u5NdSFgsuhaMBoNJV6VKPgcSTxE="
    },
    "js-tokens": {
      "version": "4.0.0",
      "resolved": "https://registry.npmjs.org/js-tokens/-/js-tokens-4.0.0.tgz",
      "integrity": "sha512-RdJUflcE3cUzKiMqQgsCu06FPu9UdIJO0beYbPhHN4k6apgJtifcoCtT9bcxOpYBtpD2kCM6Sbzg4CausW/PKQ==",
      "dev": true
    },
    "js-yaml": {
      "version": "3.13.1",
      "resolved": "https://registry.npmjs.org/js-yaml/-/js-yaml-3.13.1.tgz",
      "integrity": "sha512-YfbcO7jXDdyj0DGxYVSlSeQNHbD7XPWvrVWeVUujrQEoZzWJIRrCPoyk6kL6IAjAG2IolMK4T0hNUe0HOUs5Jw==",
      "dev": true,
      "requires": {
        "argparse": "^1.0.7",
        "esprima": "^4.0.0"
      }
    },
    "json-parse-better-errors": {
      "version": "1.0.2",
      "resolved": "https://registry.npmjs.org/json-parse-better-errors/-/json-parse-better-errors-1.0.2.tgz",
      "integrity": "sha512-mrqyZKfX5EhL7hvqcV6WG1yYjnjeuYDzDhhcAAUrq8Po85NBQBJP+ZDUT75qZQ98IkUoBqdkExkukOU7Ts2wrw==",
      "dev": true
    },
    "jszip": {
      "version": "3.2.2",
      "resolved": "https://registry.npmjs.org/jszip/-/jszip-3.2.2.tgz",
      "integrity": "sha512-NmKajvAFQpbg3taXQXr/ccS2wcucR1AZ+NtyWp2Nq7HHVsXhcJFR8p0Baf32C2yVvBylFWVeKf+WI2AnvlPhpA==",
      "requires": {
        "lie": "~3.3.0",
        "pako": "~1.0.2",
        "readable-stream": "~2.3.6",
        "set-immediate-shim": "~1.0.1"
      }
    },
    "lie": {
      "version": "3.3.0",
      "resolved": "https://registry.npmjs.org/lie/-/lie-3.3.0.tgz",
      "integrity": "sha512-UaiMJzeWRlEujzAuw5LokY1L5ecNQYZKfmyZ9L7wDHb/p5etKaxXhohBcrw0EYby+G/NA52vRSN4N39dxHAIwQ==",
      "requires": {
        "immediate": "~3.0.5"
      }
    },
    "lodash": {
      "version": "4.17.15",
      "resolved": "https://registry.npmjs.org/lodash/-/lodash-4.17.15.tgz",
      "integrity": "sha512-8xOcRHvCjnocdS5cpwXQXVzmmh5e5+saE2QGoeQmbKmRS6J3VQppPOIt0MnmE+4xlZoumy0GPG0D0MVIQbNA1A=="
    },
    "loose-envify": {
      "version": "1.4.0",
      "resolved": "https://registry.npmjs.org/loose-envify/-/loose-envify-1.4.0.tgz",
      "integrity": "sha512-lyuxPGr/Wfhrlem2CL/UcnUc1zcqKAImBDzukY7Y5F/yQiNdko6+fRLevlw1HgMySw7f611UIY408EtxRSoK3Q==",
      "dev": true,
      "requires": {
        "js-tokens": "^3.0.0 || ^4.0.0"
      }
    },
    "mobx": {
      "version": "5.15.4",
      "resolved": "https://registry.npmjs.org/mobx/-/mobx-5.15.4.tgz",
      "integrity": "sha512-xRFJxSU2Im3nrGCdjSuOTFmxVDGeqOHL+TyADCGbT0k4HHqGmx5u2yaHNryvoORpI4DfbzjJ5jPmuv+d7sioFw==",
      "dev": true
    },
    "mobx-react": {
      "version": "6.1.7",
      "resolved": "https://registry.npmjs.org/mobx-react/-/mobx-react-6.1.7.tgz",
      "integrity": "sha512-TXwqweY7yEbMl+0F5jOO5bHWUbgeNJr8o1or+1NdhWWg6duIqsGW1D6ojNmn2RO27vRJHkZrp4kjv6919nHS0A==",
      "dev": true,
      "requires": {
        "mobx-react-lite": "^1.4.2"
      }
    },
    "mobx-react-devtools": {
      "version": "6.1.1",
      "resolved": "https://registry.npmjs.org/mobx-react-devtools/-/mobx-react-devtools-6.1.1.tgz",
      "integrity": "sha512-nc5IXLdEUFLn3wZal65KF3/JFEFd+mbH4KTz/IG5BOPyw7jo8z29w/8qm7+wiCyqVfUIgJ1gL4+HVKmcXIOgqA==",
      "dev": true
    },
    "mobx-react-lite": {
      "version": "1.5.2",
      "resolved": "https://registry.npmjs.org/mobx-react-lite/-/mobx-react-lite-1.5.2.tgz",
      "integrity": "sha512-PyZmARqqWtpuQaAoHF5pKX7h6TKNLwq6vtovm4zZvG6sEbMRHHSqioGXSeQbpRmG8Kw8uln3q/W1yMO5IfL5Sg==",
      "dev": true
    },
    "moment": {
      "version": "2.24.0",
      "resolved": "https://registry.npmjs.org/moment/-/moment-2.24.0.tgz",
      "integrity": "sha512-bV7f+6l2QigeBBZSM/6yTNq4P2fNpSWj/0e7jQcy87A8e7o2nAfP/34/2ky5Vw4B9S446EtIhodAzkFCcR4dQg==",
      "dev": true,
      "optional": true
    },
    "ms": {
      "version": "2.0.0",
      "resolved": "https://registry.npmjs.org/ms/-/ms-2.0.0.tgz",
      "integrity": "sha1-VgiurfwAvmwpAd9fmGF4jeDVl8g=",
      "dev": true
    },
    "object-assign": {
      "version": "4.1.1",
      "resolved": "https://registry.npmjs.org/object-assign/-/object-assign-4.1.1.tgz",
      "integrity": "sha1-IQmtx5ZYh8/AXLvUQsrIv7s2CGM=",
      "dev": true
    },
    "pako": {
      "version": "1.0.11",
      "resolved": "https://registry.npmjs.org/pako/-/pako-1.0.11.tgz",
      "integrity": "sha512-4hLB8Py4zZce5s4yd9XzopqwVv/yGNhV1Bl8NTmCq1763HeK2+EwVTv+leGeL13Dnh2wfbqowVPXCIO0z4taYw=="
    },
    "parse-json": {
      "version": "4.0.0",
      "resolved": "https://registry.npmjs.org/parse-json/-/parse-json-4.0.0.tgz",
      "integrity": "sha1-vjX1Qlvh9/bHRxhPmKeIy5lHfuA=",
      "dev": true,
      "requires": {
        "error-ex": "^1.3.1",
        "json-parse-better-errors": "^1.0.1"
      }
    },
    "path-parse": {
      "version": "1.0.6",
      "resolved": "https://registry.npmjs.org/path-parse/-/path-parse-1.0.6.tgz",
      "integrity": "sha512-GSmOT2EbHrINBf9SR7CDELwlJ8AENk3Qn7OikK4nFYAu3Ote2+JYNVvkpAEQm3/TLNEJFD/xZJjzyxg3KBWOzw==",
      "dev": true
    },
    "printj": {
      "version": "1.1.2",
      "resolved": "https://registry.npmjs.org/printj/-/printj-1.1.2.tgz",
      "integrity": "sha512-zA2SmoLaxZyArQTOPj5LXecR+RagfPSU5Kw1qP+jkWeNlrq+eJZyY2oS68SU1Z/7/myXM4lo9716laOFAVStCQ=="
    },
    "process-nextick-args": {
      "version": "2.0.1",
      "resolved": "https://registry.npmjs.org/process-nextick-args/-/process-nextick-args-2.0.1.tgz",
      "integrity": "sha512-3ouUOpQhtgrbOa17J7+uxOTpITYWaGP7/AhoR3+A+/1e9skrzelGi/dXzEYyvbxubEF6Wn2ypscTKiKJFFn1ag=="
    },
    "prop-types": {
      "version": "15.7.2",
      "resolved": "https://registry.npmjs.org/prop-types/-/prop-types-15.7.2.tgz",
      "integrity": "sha512-8QQikdH7//R2vurIJSutZ1smHYTcLpRWEOlHnzcWHmBYrOGUysKwSsrC89BCiFj3CbrfJ/nXFdJepOVrY1GCHQ==",
      "dev": true,
      "requires": {
        "loose-envify": "^1.4.0",
        "object-assign": "^4.1.1",
        "react-is": "^16.8.1"
      }
    },
    "react": {
      "version": "16.12.0",
      "resolved": "https://registry.npmjs.org/react/-/react-16.12.0.tgz",
      "integrity": "sha512-fglqy3k5E+81pA8s+7K0/T3DBCF0ZDOher1elBFzF7O6arXJgzyu/FW+COxFvAWXJoJN9KIZbT2LXlukwphYTA==",
      "dev": true,
      "requires": {
        "loose-envify": "^1.1.0",
        "object-assign": "^4.1.1",
        "prop-types": "^15.6.2"
      }
    },
    "react-icon-base": {
      "version": "2.1.2",
      "resolved": "https://registry.npmjs.org/react-icon-base/-/react-icon-base-2.1.2.tgz",
      "integrity": "sha512-NRlRo0RPxWRMQT7osj8UCBSSXsGOxhF1pre84ildhuft5S2U382NOs7tg29osWSjbO90L2a3VTCqadA/LnAzHQ==",
      "dev": true
    },
    "react-icons2": {
      "version": "2.5.0",
      "resolved": "https://registry.npmjs.org/react-icons2/-/react-icons2-2.5.0.tgz",
      "integrity": "sha512-71+mfkHLUVum86m4sXnxzeSzSBiu1zwPkMDvSbNKw44L4c2T3KDxJDgildzvkGuY1vTebjkrYDsSW7AkjFgqHQ==",
      "dev": true,
      "requires": {
        "react-icon-base": "2.1.2"
      }
    },
    "react-if": {
      "version": "3.4.3",
      "resolved": "https://registry.npmjs.org/react-if/-/react-if-3.4.3.tgz",
      "integrity": "sha512-DddMrbjAA4lkVhhYJgoeKC9+dj950I9hx4KClhJXySTL3GsQ7hxl9eWkcqS2i/qWvfPiQheJOwTYQ+Wv2BNdMA==",
      "dev": true
    },
    "react-is": {
      "version": "16.12.0",
      "resolved": "https://registry.npmjs.org/react-is/-/react-is-16.12.0.tgz",
      "integrity": "sha512-rPCkf/mWBtKc97aLL9/txD8DZdemK0vkA3JMLShjlJB3Pj3s+lpf1KaBzMfQrAmhMQB0n1cU/SUGgKKBCe837Q==",
      "dev": true
    },
    "readable-stream": {
      "version": "2.3.7",
      "resolved": "https://registry.npmjs.org/readable-stream/-/readable-stream-2.3.7.tgz",
      "integrity": "sha512-Ebho8K4jIbHAxnuxi7o42OrZgF/ZTNcsZj6nRKyUmkhLFq8CHItp/fy6hQZuZmP/n3yZ9VBUbp4zz/mX8hmYPw==",
      "requires": {
        "core-util-is": "~1.0.0",
        "inherits": "~2.0.3",
        "isarray": "~1.0.0",
        "process-nextick-args": "~2.0.0",
        "safe-buffer": "~5.1.1",
        "string_decoder": "~1.1.1",
        "util-deprecate": "~1.0.1"
      }
    },
    "regenerator-runtime": {
      "version": "0.13.3",
      "resolved": "https://registry.npmjs.org/regenerator-runtime/-/regenerator-runtime-0.13.3.tgz",
      "integrity": "sha512-naKIZz2GQ8JWh///G7L3X6LaQUAMp2lvb1rvwwsURe/VXwD6VMfr+/1NuNw3ag8v2kY1aQ/go5SNn79O9JU7yw==",
      "dev": true
    },
    "resolve": {
      "version": "1.12.0",
      "resolved": "https://registry.npmjs.org/resolve/-/resolve-1.12.0.tgz",
      "integrity": "sha512-B/dOmuoAik5bKcD6s6nXDCjzUKnaDvdkRyAk6rsmsKLipWj4797iothd7jmmUhWTfinVMU+wc56rYKsit2Qy4w==",
      "dev": true,
      "requires": {
        "path-parse": "^1.0.6"
      }
    },
    "safe-buffer": {
      "version": "5.1.2",
      "resolved": "https://registry.npmjs.org/safe-buffer/-/safe-buffer-5.1.2.tgz",
      "integrity": "sha512-Gd2UZBJDkXlY7GbJxfsE8/nvKkUEU1G38c1siN6QP6a9PT9MmHB8GnpscSmMJSoF8LOIrt8ud/wPtojys4G6+g=="
    },
    "sax": {
      "version": "1.2.4",
      "resolved": "https://registry.npmjs.org/sax/-/sax-1.2.4.tgz",
      "integrity": "sha512-NqVDv9TpANUjFm0N8uM5GxL36UgKi9/atZw+x7YFnQ8ckwFGKrl4xX4yWtrey3UJm5nP1kUbnYgLopqWNSRhWw=="
    },
    "set-immediate-shim": {
      "version": "1.0.1",
      "resolved": "https://registry.npmjs.org/set-immediate-shim/-/set-immediate-shim-1.0.1.tgz",
      "integrity": "sha1-SysbJ+uAip+NzEgaWOXlb1mfP2E="
    },
    "source-map": {
      "version": "0.5.7",
      "resolved": "https://registry.npmjs.org/source-map/-/source-map-0.5.7.tgz",
      "integrity": "sha1-igOdLRAh0i0eoUyA2OpGi6LvP8w=",
      "dev": true
    },
    "sprintf-js": {
      "version": "1.0.3",
      "resolved": "https://registry.npmjs.org/sprintf-js/-/sprintf-js-1.0.3.tgz",
      "integrity": "sha1-BOaSb2YolTVPPdAVIDYzuFcpfiw=",
      "dev": true
    },
    "string_decoder": {
      "version": "1.1.1",
      "resolved": "https://registry.npmjs.org/string_decoder/-/string_decoder-1.1.1.tgz",
      "integrity": "sha512-n/ShnvDi6FHbbVfviro+WojiFzv+s8MPMHBczVePfUpDJLwoLT0ht1l4YwBCbi8pJAveEEdnkHyPyTP/mzRfwg==",
      "requires": {
        "safe-buffer": "~5.1.0"
      }
    },
    "to-fast-properties": {
      "version": "2.0.0",
      "resolved": "https://registry.npmjs.org/to-fast-properties/-/to-fast-properties-2.0.0.tgz",
      "integrity": "sha1-3F5pjL0HkmW8c+A3doGk5Og/YW4=",
      "dev": true
    },
    "util-deprecate": {
      "version": "1.0.2",
      "resolved": "https://registry.npmjs.org/util-deprecate/-/util-deprecate-1.0.2.tgz",
      "integrity": "sha1-RQ1Nyfpw3nMnYvvS1KKJgUGaDM8="
    },
    "xlsx-populate": {
      "version": "1.20.1",
      "resolved": "https://registry.npmjs.org/xlsx-populate/-/xlsx-populate-1.20.1.tgz",
      "integrity": "sha512-128l+3CWPJaI0keGQ6G6HaqWhHdQ8AbfhX7G/Ouy/uq5yKv/O6hJOg+IqJp8zOcx9eLimVIfyNVyjZmEZ0Zhcw==",
      "requires": {
        "cfb": "^1.1.0",
        "jszip": "^3.1.5",
        "lodash": "^4.17.11",
        "sax": "^1.2.4"
      }
    }
  }
}
