{
  "name": "@lskjs/t",
  "version": "2.0.0-beta.4",
  "lockfileVersion": 1,
  "requires": true,
  "dependencies": {
    "@lskjs/autobind": {
      "version": "1.89.2",
      "resolved": "https://registry.npmjs.org/@lskjs/autobind/-/autobind-1.89.2.tgz",
      "integrity": "sha512-RZsPEIZvMLjEHGrB5UfaLV4lt8FNvxEN6OL9zUwINE+/M3SFQuTQfRzOWmUdRX39iIko23sl3wb6fUkOCAHAQQ==",
      "requires": {
        "autobind-decorator": "2.4.0"
      }
    },
    "@lskjs/dev": {
      "version": "2.0.0-beta.2",
      "resolved": "https://registry.npmjs.org/@lskjs/dev/-/dev-2.0.0-beta.2.tgz",
      "integrity": "sha512-/4QCCwm442TKnvgT/gL64dgbg3N3iW4cnWbJj5StQtxTk4pDOehjhW2L8yj6CpdmHatQKomMYVypNL4tYMN+4A==",
      "dev": true,
      "requires": {
        "mobx-react-devtools": "6.1.1"
      }
    },
    "@lskjs/mobx": {
      "version": "2.2.0-beta.5.5",
      "resolved": "https://registry.npmjs.org/@lskjs/mobx/-/mobx-2.2.0-beta.5.5.tgz",
      "integrity": "sha512-gb/lm6ZVqPYLEFbAds/qXcc6JD7qZn4+DFP9bRcBJ27JxZiL4AmvmK1+pWcgtZjEOzeQoPWXD6CFijBSSLSL/A==",
      "requires": {
        "@lskjs/utils": "1.99.0"
      },
      "dependencies": {
        "@lskjs/utils": {
          "version": "1.99.0",
          "resolved": "https://registry.npmjs.org/@lskjs/utils/-/utils-1.99.0.tgz",
          "integrity": "sha512-WrBavwwTrSvN1PwhjNyMGxD9H+T/Be8Qww92K1nmFqgqT29WxXH9C2aDPKsFX7BqUdFN5v+KwS9N/cBrx1H2wQ==",
          "requires": {
            "@lskjs/autobind": "1.89.2",
            "async-mutex": "^0.2.4",
            "bluebird": "3.7.2",
            "csv-string": "3.1.7",
            "lodash": "4.17.19",
            "normalize-unicode-text": "0.0.1",
            "qs": "6.9.1"
          }
        }
      }
    },
    "@lskjs/utils": {
      "version": "2.2.0-beta.20",
      "resolved": "https://registry.npmjs.org/@lskjs/utils/-/utils-2.2.0-beta.20.tgz",
      "integrity": "sha512-/8fMWlUtzpQCTT8Y4a+ldeoYmM/S1lFf9fvIVtBXBSBj/arJbtI1/zRFEPk2eA+MSVRz7MPAx1Fnh7Jh9VFJvQ=="
    },
    "async-mutex": {
      "version": "0.2.6",
      "resolved": "https://registry.npmjs.org/async-mutex/-/async-mutex-0.2.6.tgz",
      "integrity": "sha512-Hs4R+4SPgamu6rSGW8C7cV9gaWUKEHykfzCCvIRuaVv636Ju10ZdeUbvb4TBEW0INuq2DHZqXbK4Nd3yG4RaRw==",
      "requires": {
        "tslib": "^2.0.0"
      }
    },
    "autobind-decorator": {
      "version": "2.4.0",
      "resolved": "https://registry.npmjs.org/autobind-decorator/-/autobind-decorator-2.4.0.tgz",
      "integrity": "sha512-OGYhWUO72V6DafbF8PM8rm3EPbfuyMZcJhtm5/n26IDwO18pohE4eNazLoCGhPiXOCD0gEGmrbU3849QvM8bbw=="
    },
    "bluebird": {
      "version": "3.7.2",
      "resolved": "https://registry.npmjs.org/bluebird/-/bluebird-3.7.2.tgz",
      "integrity": "sha512-XpNj6GDQzdfW+r2Wnn7xiSAd7TM3jzkxGXBGTtWKuSXv1xUV+azxAm8jdWZN06QTQk+2N2XB9jRDkvbmQmcRtg==",
      "optional": true
    },
    "csv-string": {
      "version": "3.1.7",
      "resolved": "https://registry.npmjs.org/csv-string/-/csv-string-3.1.7.tgz",
      "integrity": "sha512-36J9ILEVYQ/z7BbnPMW2MqfxA6TF84Xye4hcSTH/dXin5Uuh2ouSqBk5A//75Y+Bv3z7APjK0BINNmxVN1mXpA=="
    },
    "js-tokens": {
      "version": "4.0.0",
      "resolved": "https://registry.npmjs.org/js-tokens/-/js-tokens-4.0.0.tgz",
      "integrity": "sha512-RdJUflcE3cUzKiMqQgsCu06FPu9UdIJO0beYbPhHN4k6apgJtifcoCtT9bcxOpYBtpD2kCM6Sbzg4CausW/PKQ=="
    },
    "lodash": {
      "version": "4.17.19",
      "resolved": "https://registry.npmjs.org/lodash/-/lodash-4.17.19.tgz",
      "integrity": "sha512-JNvd8XER9GQX0v2qJgsaN/mzFCNA5BRe/j8JN9d+tWyGLSodKQHKFicdwNYzWwI3wjRnaKPsGj1XkBjx/F96DQ==",
      "optional": true
    },
    "loose-envify": {
      "version": "1.4.0",
      "resolved": "https://registry.npmjs.org/loose-envify/-/loose-envify-1.4.0.tgz",
      "integrity": "sha512-lyuxPGr/Wfhrlem2CL/UcnUc1zcqKAImBDzukY7Y5F/yQiNdko6+fRLevlw1HgMySw7f611UIY408EtxRSoK3Q==",
      "requires": {
        "js-tokens": "^3.0.0 || ^4.0.0"
      }
    },
    "mobx": {
      "version": "5.15.4",
      "resolved": "https://registry.npmjs.org/mobx/-/mobx-5.15.4.tgz",
      "integrity": "sha512-xRFJxSU2Im3nrGCdjSuOTFmxVDGeqOHL+TyADCGbT0k4HHqGmx5u2yaHNryvoORpI4DfbzjJ5jPmuv+d7sioFw==",
      "dev": true
    },
    "mobx-react": {
      "version": "6.2.2",
      "resolved": "https://registry.npmjs.org/mobx-react/-/mobx-react-6.2.2.tgz",
      "integrity": "sha512-Us6V4ng/iKIRJ8pWxdbdysC6bnS53ZKLKlVGBqzHx6J+gYPYbOotWvhHZnzh/W5mhpYXxlXif4kL2cxoWJOplQ==",
      "dev": true,
      "requires": {
        "mobx-react-lite": "2"
      }
    },
    "mobx-react-devtools": {
      "version": "6.1.1",
      "resolved": "https://registry.npmjs.org/mobx-react-devtools/-/mobx-react-devtools-6.1.1.tgz",
      "integrity": "sha512-nc5IXLdEUFLn3wZal65KF3/JFEFd+mbH4KTz/IG5BOPyw7jo8z29w/8qm7+wiCyqVfUIgJ1gL4+HVKmcXIOgqA==",
      "dev": true,
      "optional": true
    },
    "mobx-react-lite": {
      "version": "2.2.2",
      "resolved": "https://registry.npmjs.org/mobx-react-lite/-/mobx-react-lite-2.2.2.tgz",
      "integrity": "sha512-2SlXALHIkyUPDsV4VTKVR9DW7K3Ksh1aaIv3NrNJygTbhXe2A9GrcKHZ2ovIiOp/BXilOcTYemfHHZubP431dg==",
      "dev": true
    },
    "normalize-unicode-text": {
      "version": "0.0.1",
      "resolved": "https://registry.npmjs.org/normalize-unicode-text/-/normalize-unicode-text-0.0.1.tgz",
      "integrity": "sha512-zzW9hCazMohI1lf3zWF7k7ecCmL/T2ZaiV7W7ZIjmTmNT0bqNfnsgBfQnudYn8zG1uk7PrPmBXd2CkujehZpDw=="
    },
    "object-assign": {
      "version": "4.1.1",
      "resolved": "https://registry.npmjs.org/object-assign/-/object-assign-4.1.1.tgz",
      "integrity": "sha1-IQmtx5ZYh8/AXLvUQsrIv7s2CGM="
    },
    "prop-types": {
      "version": "15.7.2",
      "resolved": "https://registry.npmjs.org/prop-types/-/prop-types-15.7.2.tgz",
      "integrity": "sha512-8QQikdH7//R2vurIJSutZ1smHYTcLpRWEOlHnzcWHmBYrOGUysKwSsrC89BCiFj3CbrfJ/nXFdJepOVrY1GCHQ==",
      "requires": {
        "loose-envify": "^1.4.0",
        "object-assign": "^4.1.1",
        "react-is": "^16.8.1"
      }
    },
    "qs": {
      "version": "6.9.1",
      "resolved": "https://registry.npmjs.org/qs/-/qs-6.9.1.tgz",
      "integrity": "sha512-Cxm7/SS/y/Z3MHWSxXb8lIFqgqBowP5JMlTUFyJN88y0SGQhVmZnqFK/PeuMX9LzUyWsqqhNxIyg0jlzq946yA=="
    },
    "react": {
      "version": "16.8.6",
      "resolved": "https://registry.npmjs.org/react/-/react-16.8.6.tgz",
      "integrity": "sha512-pC0uMkhLaHm11ZSJULfOBqV4tIZkx87ZLvbbQYunNixAAvjnC+snJCg0XQXn9VIsttVsbZP/H/ewzgsd5fxKXw==",
      "dev": true,
      "requires": {
        "loose-envify": "^1.1.0",
        "object-assign": "^4.1.1",
        "prop-types": "^15.6.2",
        "scheduler": "^0.13.6"
      }
    },
    "react-is": {
      "version": "16.13.1",
      "resolved": "https://registry.npmjs.org/react-is/-/react-is-16.13.1.tgz",
      "integrity": "sha512-24e6ynE2H+OKt4kqsOvNd8kBpV65zoxbA4BVsEOB3ARVWQki/DHzaUoC5KuON/BiccDaCCTZBuOcfZs70kR8bQ=="
    },
    "scheduler": {
      "version": "0.13.6",
      "resolved": "https://registry.npmjs.org/scheduler/-/scheduler-0.13.6.tgz",
      "integrity": "sha512-IWnObHt413ucAYKsD9J1QShUKkbKLQQHdxRyw73sw4FN26iWr3DY/H34xGPe4nmL1DwXyWmSWmMrA9TfQbE/XQ==",
      "dev": true,
      "requires": {
        "loose-envify": "^1.1.0",
        "object-assign": "^4.1.1"
      }
    },
    "tslib": {
      "version": "2.1.0",
      "resolved": "https://registry.npmjs.org/tslib/-/tslib-2.1.0.tgz",
      "integrity": "sha512-hcVC3wYEziELGGmEEXue7D75zbwIIVUMWAVbHItGPx0ziyXxrOMQx4rQEVEV45Ut/1IotuEvwqPopzIOkDMf0A=="
    }
  }
}
