{
  "name": "@lskjs/t",
  "version": "2.3.0-beta.17",
  "lockfileVersion": 2,
  "requires": true,
  "packages": {
    "": {
      "name": "@lskjs/t",
      "version": "2.3.0-beta.10",
      "license": "MIT",
      "dependencies": {
        "@lskjs/mobx": "2.3.0-beta.4",
        "@lskjs/utils": "2.3.0-beta.4"
      },
      "devDependencies": {
        "@lskjs/dev": "2.3.0-beta.10",
        "mobx": "5.15.4",
        "mobx-react": "6.2.2",
        "prop-types": "15.7.2",
        "react": "16.8.6"
      },
      "peerDependencies": {
        "mobx": "*",
        "mobx-react": "*",
        "prop-types": "*",
        "react": "*"
      }
    },
    "node_modules/@lskjs/dev": {
      "version": "2.3.0-beta.10",
      "resolved": "https://registry.npmjs.org/@lskjs/dev/-/dev-2.3.0-beta.10.tgz",
      "integrity": "sha512-XWbKYcI7N+peTZPZPncgTLAWooF93p8Jsi081MEVtzximIaoN0r3fQPeMa/WQKzdq0cLOsKbiq6pqaK2jZnueA==",
      "dev": true,
      "optionalDependencies": {
        "mobx-react-devtools": "6.1.1"
      },
      "peerDependencies": {
        "@lskjs/css": "*",
        "@lskjs/theme": "*",
        "@lskjs/utils": "*",
        "emotion": "*",
        "emotion-theming": "*",
        "lodash": "*",
        "mobx": "*",
        "mobx-react": "*",
        "react": "*"
      }
    },
    "node_modules/@lskjs/mobx": {
      "version": "2.3.0-beta.4",
      "resolved": "https://registry.npmjs.org/@lskjs/mobx/-/mobx-2.3.0-beta.4.tgz",
      "integrity": "sha512-EHT75wq/zCPlu1qoMN/rGX2nP/lTzeUktoz2/gQB8VDjK9jGr9ruk70d74eVp/DRv92OVsJRHyIgoBTlA95waQ==",
      "dependencies": {
        "@lskjs/utils": "2.2.1-beta.2"
      },
      "peerDependencies": {
        "axios": "*",
        "bluebird": "*",
        "lodash": "*",
        "mobx": "*",
        "mobx-react": "*"
      }
    },
    "node_modules/@lskjs/mobx/node_modules/@lskjs/utils": {
      "version": "2.2.1-beta.2",
      "resolved": "https://registry.npmjs.org/@lskjs/utils/-/utils-2.2.1-beta.2.tgz",
      "integrity": "sha512-MMZiaTUqdn2CX6AiTmbZ4JhOKqpMySspe3XJJemjklJCkn618HrtvMrhvwX4XYB4URwlU7U/x60CBauXsaEyPw=="
    },
    "node_modules/@lskjs/utils": {
      "version": "2.3.0-beta.4",
      "resolved": "https://registry.npmjs.org/@lskjs/utils/-/utils-2.3.0-beta.4.tgz",
      "integrity": "sha512-Gidz5cBkfNtsiG5KCG8bkzjil9caJSP3TCpRTszZV3WofclnPthIhwzG9wuz6PjuFQghHJwqIO5m+WTqinZfjg=="
    },
    "node_modules/js-tokens": {
      "version": "4.0.0",
      "resolved": "https://registry.npmjs.org/js-tokens/-/js-tokens-4.0.0.tgz",
      "integrity": "sha512-RdJUflcE3cUzKiMqQgsCu06FPu9UdIJO0beYbPhHN4k6apgJtifcoCtT9bcxOpYBtpD2kCM6Sbzg4CausW/PKQ==",
      "dev": true
    },
    "node_modules/loose-envify": {
      "version": "1.4.0",
      "resolved": "https://registry.npmjs.org/loose-envify/-/loose-envify-1.4.0.tgz",
      "integrity": "sha512-lyuxPGr/Wfhrlem2CL/UcnUc1zcqKAImBDzukY7Y5F/yQiNdko6+fRLevlw1HgMySw7f611UIY408EtxRSoK3Q==",
      "dev": true,
      "dependencies": {
        "js-tokens": "^3.0.0 || ^4.0.0"
      },
      "bin": {
        "loose-envify": "cli.js"
      }
    },
    "node_modules/mobx": {
      "version": "5.15.4",
      "resolved": "https://registry.npmjs.org/mobx/-/mobx-5.15.4.tgz",
      "integrity": "sha512-xRFJxSU2Im3nrGCdjSuOTFmxVDGeqOHL+TyADCGbT0k4HHqGmx5u2yaHNryvoORpI4DfbzjJ5jPmuv+d7sioFw==",
      "dev": true
    },
    "node_modules/mobx-react": {
      "version": "6.2.2",
      "resolved": "https://registry.npmjs.org/mobx-react/-/mobx-react-6.2.2.tgz",
      "integrity": "sha512-Us6V4ng/iKIRJ8pWxdbdysC6bnS53ZKLKlVGBqzHx6J+gYPYbOotWvhHZnzh/W5mhpYXxlXif4kL2cxoWJOplQ==",
      "dev": true,
      "dependencies": {
        "mobx-react-lite": "2"
      }
    },
    "node_modules/mobx-react-devtools": {
      "version": "6.1.1",
      "resolved": "https://registry.npmjs.org/mobx-react-devtools/-/mobx-react-devtools-6.1.1.tgz",
      "integrity": "sha512-nc5IXLdEUFLn3wZal65KF3/JFEFd+mbH4KTz/IG5BOPyw7jo8z29w/8qm7+wiCyqVfUIgJ1gL4+HVKmcXIOgqA==",
      "dev": true,
      "optional": true
    },
    "node_modules/mobx-react-lite": {
      "version": "2.2.2",
      "resolved": "https://registry.npmjs.org/mobx-react-lite/-/mobx-react-lite-2.2.2.tgz",
      "integrity": "sha512-2SlXALHIkyUPDsV4VTKVR9DW7K3Ksh1aaIv3NrNJygTbhXe2A9GrcKHZ2ovIiOp/BXilOcTYemfHHZubP431dg==",
      "dev": true
    },
    "node_modules/object-assign": {
      "version": "4.1.1",
      "resolved": "https://registry.npmjs.org/object-assign/-/object-assign-4.1.1.tgz",
      "integrity": "sha1-IQmtx5ZYh8/AXLvUQsrIv7s2CGM=",
      "dev": true,
      "engines": {
        "node": ">=0.10.0"
      }
    },
    "node_modules/prop-types": {
      "version": "15.7.2",
      "resolved": "https://registry.npmjs.org/prop-types/-/prop-types-15.7.2.tgz",
      "integrity": "sha512-8QQikdH7//R2vurIJSutZ1smHYTcLpRWEOlHnzcWHmBYrOGUysKwSsrC89BCiFj3CbrfJ/nXFdJepOVrY1GCHQ==",
      "dev": true,
      "dependencies": {
        "loose-envify": "^1.4.0",
        "object-assign": "^4.1.1",
        "react-is": "^16.8.1"
      }
    },
    "node_modules/react": {
      "version": "16.8.6",
      "resolved": "https://registry.npmjs.org/react/-/react-16.8.6.tgz",
      "integrity": "sha512-pC0uMkhLaHm11ZSJULfOBqV4tIZkx87ZLvbbQYunNixAAvjnC+snJCg0XQXn9VIsttVsbZP/H/ewzgsd5fxKXw==",
      "dev": true,
      "dependencies": {
        "loose-envify": "^1.1.0",
        "object-assign": "^4.1.1",
        "prop-types": "^15.6.2",
        "scheduler": "^0.13.6"
      },
      "engines": {
        "node": ">=0.10.0"
      }
    },
    "node_modules/react-is": {
      "version": "16.13.1",
      "resolved": "https://registry.npmjs.org/react-is/-/react-is-16.13.1.tgz",
      "integrity": "sha512-24e6ynE2H+OKt4kqsOvNd8kBpV65zoxbA4BVsEOB3ARVWQki/DHzaUoC5KuON/BiccDaCCTZBuOcfZs70kR8bQ==",
      "dev": true
    },
    "node_modules/scheduler": {
      "version": "0.13.6",
      "resolved": "https://registry.npmjs.org/scheduler/-/scheduler-0.13.6.tgz",
      "integrity": "sha512-IWnObHt413ucAYKsD9J1QShUKkbKLQQHdxRyw73sw4FN26iWr3DY/H34xGPe4nmL1DwXyWmSWmMrA9TfQbE/XQ==",
      "dev": true,
      "dependencies": {
        "loose-envify": "^1.1.0",
        "object-assign": "^4.1.1"
      }
    }
  },
  "dependencies": {
    "@lskjs/dev": {
      "version": "2.3.0-beta.10",
      "resolved": "https://registry.npmjs.org/@lskjs/dev/-/dev-2.3.0-beta.10.tgz",
      "integrity": "sha512-XWbKYcI7N+peTZPZPncgTLAWooF93p8Jsi081MEVtzximIaoN0r3fQPeMa/WQKzdq0cLOsKbiq6pqaK2jZnueA==",
      "dev": true,
      "requires": {
        "mobx-react-devtools": "6.1.1"
      }
    },
    "@lskjs/mobx": {
      "version": "2.3.0-beta.4",
      "resolved": "https://registry.npmjs.org/@lskjs/mobx/-/mobx-2.3.0-beta.4.tgz",
      "integrity": "sha512-EHT75wq/zCPlu1qoMN/rGX2nP/lTzeUktoz2/gQB8VDjK9jGr9ruk70d74eVp/DRv92OVsJRHyIgoBTlA95waQ==",
      "requires": {
        "@lskjs/utils": "2.2.1-beta.2"
      },
      "dependencies": {
        "@lskjs/utils": {
          "version": "2.2.1-beta.2",
          "resolved": "https://registry.npmjs.org/@lskjs/utils/-/utils-2.2.1-beta.2.tgz",
          "integrity": "sha512-MMZiaTUqdn2CX6AiTmbZ4JhOKqpMySspe3XJJemjklJCkn618HrtvMrhvwX4XYB4URwlU7U/x60CBauXsaEyPw=="
        }
      }
    },
    "@lskjs/utils": {
      "version": "2.3.0-beta.4",
      "resolved": "https://registry.npmjs.org/@lskjs/utils/-/utils-2.3.0-beta.4.tgz",
      "integrity": "sha512-Gidz5cBkfNtsiG5KCG8bkzjil9caJSP3TCpRTszZV3WofclnPthIhwzG9wuz6PjuFQghHJwqIO5m+WTqinZfjg=="
    },
    "js-tokens": {
      "version": "4.0.0",
      "resolved": "https://registry.npmjs.org/js-tokens/-/js-tokens-4.0.0.tgz",
      "integrity": "sha512-RdJUflcE3cUzKiMqQgsCu06FPu9UdIJO0beYbPhHN4k6apgJtifcoCtT9bcxOpYBtpD2kCM6Sbzg4CausW/PKQ==",
      "dev": true
    },
    "loose-envify": {
      "version": "1.4.0",
      "resolved": "https://registry.npmjs.org/loose-envify/-/loose-envify-1.4.0.tgz",
      "integrity": "sha512-lyuxPGr/Wfhrlem2CL/UcnUc1zcqKAImBDzukY7Y5F/yQiNdko6+fRLevlw1HgMySw7f611UIY408EtxRSoK3Q==",
      "dev": true,
      "requires": {
        "js-tokens": "^3.0.0 || ^4.0.0"
      }
    },
    "mobx": {
      "version": "5.15.4",
      "resolved": "https://registry.npmjs.org/mobx/-/mobx-5.15.4.tgz",
      "integrity": "sha512-xRFJxSU2Im3nrGCdjSuOTFmxVDGeqOHL+TyADCGbT0k4HHqGmx5u2yaHNryvoORpI4DfbzjJ5jPmuv+d7sioFw==",
      "dev": true
    },
    "mobx-react": {
      "version": "6.2.2",
      "resolved": "https://registry.npmjs.org/mobx-react/-/mobx-react-6.2.2.tgz",
      "integrity": "sha512-Us6V4ng/iKIRJ8pWxdbdysC6bnS53ZKLKlVGBqzHx6J+gYPYbOotWvhHZnzh/W5mhpYXxlXif4kL2cxoWJOplQ==",
      "dev": true,
      "requires": {
        "mobx-react-lite": "2"
      }
    },
    "mobx-react-devtools": {
      "version": "6.1.1",
      "resolved": "https://registry.npmjs.org/mobx-react-devtools/-/mobx-react-devtools-6.1.1.tgz",
      "integrity": "sha512-nc5IXLdEUFLn3wZal65KF3/JFEFd+mbH4KTz/IG5BOPyw7jo8z29w/8qm7+wiCyqVfUIgJ1gL4+HVKmcXIOgqA==",
      "dev": true,
      "optional": true
    },
    "mobx-react-lite": {
      "version": "2.2.2",
      "resolved": "https://registry.npmjs.org/mobx-react-lite/-/mobx-react-lite-2.2.2.tgz",
      "integrity": "sha512-2SlXALHIkyUPDsV4VTKVR9DW7K3Ksh1aaIv3NrNJygTbhXe2A9GrcKHZ2ovIiOp/BXilOcTYemfHHZubP431dg==",
      "dev": true
    },
    "object-assign": {
      "version": "4.1.1",
      "resolved": "https://registry.npmjs.org/object-assign/-/object-assign-4.1.1.tgz",
      "integrity": "sha1-IQmtx5ZYh8/AXLvUQsrIv7s2CGM=",
      "dev": true
    },
    "prop-types": {
      "version": "15.7.2",
      "resolved": "https://registry.npmjs.org/prop-types/-/prop-types-15.7.2.tgz",
      "integrity": "sha512-8QQikdH7//R2vurIJSutZ1smHYTcLpRWEOlHnzcWHmBYrOGUysKwSsrC89BCiFj3CbrfJ/nXFdJepOVrY1GCHQ==",
      "dev": true,
      "requires": {
        "loose-envify": "^1.4.0",
        "object-assign": "^4.1.1",
        "react-is": "^16.8.1"
      }
    },
    "react": {
      "version": "16.8.6",
      "resolved": "https://registry.npmjs.org/react/-/react-16.8.6.tgz",
      "integrity": "sha512-pC0uMkhLaHm11ZSJULfOBqV4tIZkx87ZLvbbQYunNixAAvjnC+snJCg0XQXn9VIsttVsbZP/H/ewzgsd5fxKXw==",
      "dev": true,
      "requires": {
        "loose-envify": "^1.1.0",
        "object-assign": "^4.1.1",
        "prop-types": "^15.6.2",
        "scheduler": "^0.13.6"
      }
    },
    "react-is": {
      "version": "16.13.1",
      "resolved": "https://registry.npmjs.org/react-is/-/react-is-16.13.1.tgz",
      "integrity": "sha512-24e6ynE2H+OKt4kqsOvNd8kBpV65zoxbA4BVsEOB3ARVWQki/DHzaUoC5KuON/BiccDaCCTZBuOcfZs70kR8bQ==",
      "dev": true
    },
    "scheduler": {
      "version": "0.13.6",
      "resolved": "https://registry.npmjs.org/scheduler/-/scheduler-0.13.6.tgz",
      "integrity": "sha512-IWnObHt413ucAYKsD9J1QShUKkbKLQQHdxRyw73sw4FN26iWr3DY/H34xGPe4nmL1DwXyWmSWmMrA9TfQbE/XQ==",
      "dev": true,
      "requires": {
        "loose-envify": "^1.1.0",
        "object-assign": "^4.1.1"
      }
    }
  }
}
