{
  "name": "@lskjs/flag",
  "version": "2.4.0-beta.1",
  "lockfileVersion": 2,
  "requires": true,
  "packages": {
    "": {
      "name": "@lskjs/flag",
      "version": "2.3.0-beta.15",
      "license": "MIT",
      "dependencies": {
        "prop-types": "15.7.2",
        "react-flags": "0.1.18"
      },
      "devDependencies": {
        "@lskjs/dev": "2.3.0-beta.15",
        "react": "16.8.6"
      },
      "peerDependencies": {
        "react": "*"
      }
    },
    "node_modules/@lskjs/dev": {
      "version": "2.3.0-beta.15",
      "resolved": "https://registry.npmjs.org/@lskjs/dev/-/dev-2.3.0-beta.15.tgz",
      "integrity": "sha512-6XIddWYbPMZtG0IVizy7zRqUorJ7fqMJ2RnWXadw1SCGW4Plyk8+xtKgDDNpx/BfobdqgXHzJ/I4DYnyXGMC9A==",
      "dev": true,
      "dependencies": {
        "mobx-react-devtools": "6.1.1"
      },
      "optionalDependencies": {
        "mobx-react-devtools": "6.1.1"
      },
      "peerDependencies": {
        "@lskjs/css": "*",
        "@lskjs/theme": "*",
        "@lskjs/utils": "*",
        "emotion": "*",
        "emotion-theming": "*",
        "lodash": "*",
        "mobx": "*",
        "mobx-react": "*",
        "react": "*"
      }
    },
    "node_modules/js-tokens": {
      "version": "4.0.0",
      "resolved": "https://registry.npmjs.org/js-tokens/-/js-tokens-4.0.0.tgz",
      "integrity": "sha512-RdJUflcE3cUzKiMqQgsCu06FPu9UdIJO0beYbPhHN4k6apgJtifcoCtT9bcxOpYBtpD2kCM6Sbzg4CausW/PKQ=="
    },
    "node_modules/loose-envify": {
      "version": "1.4.0",
      "resolved": "https://registry.npmjs.org/loose-envify/-/loose-envify-1.4.0.tgz",
      "integrity": "sha512-lyuxPGr/Wfhrlem2CL/UcnUc1zcqKAImBDzukY7Y5F/yQiNdko6+fRLevlw1HgMySw7f611UIY408EtxRSoK3Q==",
      "dependencies": {
        "js-tokens": "^3.0.0 || ^4.0.0"
      },
      "bin": {
        "loose-envify": "cli.js"
      }
    },
    "node_modules/mobx-react-devtools": {
      "version": "6.1.1",
      "resolved": "https://registry.npmjs.org/mobx-react-devtools/-/mobx-react-devtools-6.1.1.tgz",
      "integrity": "sha512-nc5IXLdEUFLn3wZal65KF3/JFEFd+mbH4KTz/IG5BOPyw7jo8z29w/8qm7+wiCyqVfUIgJ1gL4+HVKmcXIOgqA==",
      "dev": true,
      "optional": true
    },
    "node_modules/object-assign": {
      "version": "4.1.1",
      "resolved": "https://registry.npmjs.org/object-assign/-/object-assign-4.1.1.tgz",
      "integrity": "sha1-IQmtx5ZYh8/AXLvUQsrIv7s2CGM=",
      "engines": {
        "node": ">=0.10.0"
      }
    },
    "node_modules/prop-types": {
      "version": "15.7.2",
      "resolved": "https://registry.npmjs.org/prop-types/-/prop-types-15.7.2.tgz",
      "integrity": "sha512-8QQikdH7//R2vurIJSutZ1smHYTcLpRWEOlHnzcWHmBYrOGUysKwSsrC89BCiFj3CbrfJ/nXFdJepOVrY1GCHQ==",
      "dependencies": {
        "loose-envify": "^1.4.0",
        "object-assign": "^4.1.1",
        "react-is": "^16.8.1"
      }
    },
    "node_modules/react": {
      "version": "16.8.6",
      "resolved": "https://registry.npmjs.org/react/-/react-16.8.6.tgz",
      "integrity": "sha512-pC0uMkhLaHm11ZSJULfOBqV4tIZkx87ZLvbbQYunNixAAvjnC+snJCg0XQXn9VIsttVsbZP/H/ewzgsd5fxKXw==",
      "dev": true,
      "dependencies": {
        "loose-envify": "^1.1.0",
        "object-assign": "^4.1.1",
        "prop-types": "^15.6.2",
        "scheduler": "^0.13.6"
      },
      "engines": {
        "node": ">=0.10.0"
      }
    },
    "node_modules/react-flags": {
      "version": "0.1.18",
      "resolved": "https://registry.npmjs.org/react-flags/-/react-flags-0.1.18.tgz",
      "integrity": "sha512-fa8D6DIZS6DWRqLcmKGIHVT13r4viHAfIRth9cFO7cDyxEPfTBbZei6p0Xeao6of4C/K4XU/j35aMjPC15ePIg==",
      "dependencies": {
        "prop-types": "^15.5.10"
      }
    },
    "node_modules/react-is": {
      "version": "16.13.1",
      "resolved": "https://registry.npmjs.org/react-is/-/react-is-16.13.1.tgz",
      "integrity": "sha512-24e6ynE2H+OKt4kqsOvNd8kBpV65zoxbA4BVsEOB3ARVWQki/DHzaUoC5KuON/BiccDaCCTZBuOcfZs70kR8bQ=="
    },
    "node_modules/scheduler": {
      "version": "0.13.6",
      "resolved": "https://registry.npmjs.org/scheduler/-/scheduler-0.13.6.tgz",
      "integrity": "sha512-IWnObHt413ucAYKsD9J1QShUKkbKLQQHdxRyw73sw4FN26iWr3DY/H34xGPe4nmL1DwXyWmSWmMrA9TfQbE/XQ==",
      "dev": true,
      "dependencies": {
        "loose-envify": "^1.1.0",
        "object-assign": "^4.1.1"
      }
    }
  },
  "dependencies": {
    "@lskjs/dev": {
      "version": "2.3.0-beta.15",
      "resolved": "https://registry.npmjs.org/@lskjs/dev/-/dev-2.3.0-beta.15.tgz",
      "integrity": "sha512-6XIddWYbPMZtG0IVizy7zRqUorJ7fqMJ2RnWXadw1SCGW4Plyk8+xtKgDDNpx/BfobdqgXHzJ/I4DYnyXGMC9A==",
      "dev": true,
      "requires": {
        "mobx-react-devtools": "6.1.1"
      }
    },
    "js-tokens": {
      "version": "4.0.0",
      "resolved": "https://registry.npmjs.org/js-tokens/-/js-tokens-4.0.0.tgz",
      "integrity": "sha512-RdJUflcE3cUzKiMqQgsCu06FPu9UdIJO0beYbPhHN4k6apgJtifcoCtT9bcxOpYBtpD2kCM6Sbzg4CausW/PKQ=="
    },
    "loose-envify": {
      "version": "1.4.0",
      "resolved": "https://registry.npmjs.org/loose-envify/-/loose-envify-1.4.0.tgz",
      "integrity": "sha512-lyuxPGr/Wfhrlem2CL/UcnUc1zcqKAImBDzukY7Y5F/yQiNdko6+fRLevlw1HgMySw7f611UIY408EtxRSoK3Q==",
      "requires": {
        "js-tokens": "^3.0.0 || ^4.0.0"
      }
    },
    "mobx-react-devtools": {
      "version": "6.1.1",
      "resolved": "https://registry.npmjs.org/mobx-react-devtools/-/mobx-react-devtools-6.1.1.tgz",
      "integrity": "sha512-nc5IXLdEUFLn3wZal65KF3/JFEFd+mbH4KTz/IG5BOPyw7jo8z29w/8qm7+wiCyqVfUIgJ1gL4+HVKmcXIOgqA==",
      "dev": true,
      "optional": true
    },
    "object-assign": {
      "version": "4.1.1",
      "resolved": "https://registry.npmjs.org/object-assign/-/object-assign-4.1.1.tgz",
      "integrity": "sha1-IQmtx5ZYh8/AXLvUQsrIv7s2CGM="
    },
    "prop-types": {
      "version": "15.7.2",
      "resolved": "https://registry.npmjs.org/prop-types/-/prop-types-15.7.2.tgz",
      "integrity": "sha512-8QQikdH7//R2vurIJSutZ1smHYTcLpRWEOlHnzcWHmBYrOGUysKwSsrC89BCiFj3CbrfJ/nXFdJepOVrY1GCHQ==",
      "requires": {
        "loose-envify": "^1.4.0",
        "object-assign": "^4.1.1",
        "react-is": "^16.8.1"
      }
    },
    "react": {
      "version": "16.8.6",
      "resolved": "https://registry.npmjs.org/react/-/react-16.8.6.tgz",
      "integrity": "sha512-pC0uMkhLaHm11ZSJULfOBqV4tIZkx87ZLvbbQYunNixAAvjnC+snJCg0XQXn9VIsttVsbZP/H/ewzgsd5fxKXw==",
      "dev": true,
      "requires": {
        "loose-envify": "^1.1.0",
        "object-assign": "^4.1.1",
        "prop-types": "^15.6.2",
        "scheduler": "^0.13.6"
      }
    },
    "react-flags": {
      "version": "0.1.18",
      "resolved": "https://registry.npmjs.org/react-flags/-/react-flags-0.1.18.tgz",
      "integrity": "sha512-fa8D6DIZS6DWRqLcmKGIHVT13r4viHAfIRth9cFO7cDyxEPfTBbZei6p0Xeao6of4C/K4XU/j35aMjPC15ePIg==",
      "requires": {
        "prop-types": "^15.5.10"
      }
    },
    "react-is": {
      "version": "16.13.1",
      "resolved": "https://registry.npmjs.org/react-is/-/react-is-16.13.1.tgz",
      "integrity": "sha512-24e6ynE2H+OKt4kqsOvNd8kBpV65zoxbA4BVsEOB3ARVWQki/DHzaUoC5KuON/BiccDaCCTZBuOcfZs70kR8bQ=="
    },
    "scheduler": {
      "version": "0.13.6",
      "resolved": "https://registry.npmjs.org/scheduler/-/scheduler-0.13.6.tgz",
      "integrity": "sha512-IWnObHt413ucAYKsD9J1QShUKkbKLQQHdxRyw73sw4FN26iWr3DY/H34xGPe4nmL1DwXyWmSWmMrA9TfQbE/XQ==",
      "dev": true,
      "requires": {
        "loose-envify": "^1.1.0",
        "object-assign": "^4.1.1"
      }
    }
  }
}
