{
  "name": "@lskjs/notification",
  "version": "1.6.0",
  "lockfileVersion": 1,
  "requires": true,
  "dependencies": {
    "@lskjs/autobind": {
      "version": "1.11.0",
      "resolved": "https://registry.npmjs.org/@lskjs/autobind/-/autobind-1.11.0.tgz",
      "integrity": "sha512-o7fS7E7MieXv24EdF23FFoKaSkfCWc0vw7SxByPYHD5kaT+Qs6NBy+W9hND//MwD6wTKbEQz5nx1QT9X9Rv3Rw==",
      "requires": {
        "autobind-decorator": "2.4.0"
      }
    },
    "@lskjs/t": {
      "version": "1.6.0",
      "resolved": "https://registry.npmjs.org/@lskjs/t/-/t-1.6.0.tgz",
      "integrity": "sha512-TvxE7ccGLmfLfiPf/Ri7KQP3c6a6PgiQ4VyPz62xTJQvM9krduWMi5t9aEdIPq1FVtZgfFhWF43MqmS0RFbp2Q==",
      "requires": {
        "prop-types": "15.7.2"
      }
    },
    "@lskjs/theme": {
      "version": "1.6.0",
      "resolved": "https://registry.npmjs.org/@lskjs/theme/-/theme-1.6.0.tgz",
      "integrity": "sha512-Yf1sif30YLsFr5fcuslRx/jfJnbumArxm9oLnATwgdN/MA4sRmEe7Mw7t+zKfPH4AXSadSgcLAPUa23oDgLqIQ=="
    },
    "autobind-decorator": {
      "version": "2.4.0",
      "resolved": "https://registry.npmjs.org/autobind-decorator/-/autobind-decorator-2.4.0.tgz",
      "integrity": "sha512-OGYhWUO72V6DafbF8PM8rm3EPbfuyMZcJhtm5/n26IDwO18pohE4eNazLoCGhPiXOCD0gEGmrbU3849QvM8bbw=="
    },
    "js-tokens": {
      "version": "4.0.0",
      "resolved": "https://registry.npmjs.org/js-tokens/-/js-tokens-4.0.0.tgz",
      "integrity": "sha512-RdJUflcE3cUzKiMqQgsCu06FPu9UdIJO0beYbPhHN4k6apgJtifcoCtT9bcxOpYBtpD2kCM6Sbzg4CausW/PKQ=="
    },
    "loose-envify": {
      "version": "1.4.0",
      "resolved": "https://registry.npmjs.org/loose-envify/-/loose-envify-1.4.0.tgz",
      "integrity": "sha512-lyuxPGr/Wfhrlem2CL/UcnUc1zcqKAImBDzukY7Y5F/yQiNdko6+fRLevlw1HgMySw7f611UIY408EtxRSoK3Q==",
      "requires": {
        "js-tokens": "^3.0.0 || ^4.0.0"
      }
    },
    "object-assign": {
      "version": "4.1.1",
      "resolved": "https://registry.npmjs.org/object-assign/-/object-assign-4.1.1.tgz",
      "integrity": "sha1-IQmtx5ZYh8/AXLvUQsrIv7s2CGM="
    },
    "prop-types": {
      "version": "15.7.2",
      "resolved": "https://registry.npmjs.org/prop-types/-/prop-types-15.7.2.tgz",
      "integrity": "sha512-8QQikdH7//R2vurIJSutZ1smHYTcLpRWEOlHnzcWHmBYrOGUysKwSsrC89BCiFj3CbrfJ/nXFdJepOVrY1GCHQ==",
      "requires": {
        "loose-envify": "^1.4.0",
        "object-assign": "^4.1.1",
        "react-is": "^16.8.1"
      }
    },
    "react": {
      "version": "16.8.6",
      "resolved": "https://registry.npmjs.org/react/-/react-16.8.6.tgz",
      "integrity": "sha512-pC0uMkhLaHm11ZSJULfOBqV4tIZkx87ZLvbbQYunNixAAvjnC+snJCg0XQXn9VIsttVsbZP/H/ewzgsd5fxKXw==",
      "dev": true,
      "requires": {
        "loose-envify": "^1.1.0",
        "object-assign": "^4.1.1",
        "prop-types": "^15.6.2",
        "scheduler": "^0.13.6"
      }
    },
    "react-icon-base": {
      "version": "2.1.2",
      "resolved": "https://registry.npmjs.org/react-icon-base/-/react-icon-base-2.1.2.tgz",
      "integrity": "sha512-NRlRo0RPxWRMQT7osj8UCBSSXsGOxhF1pre84ildhuft5S2U382NOs7tg29osWSjbO90L2a3VTCqadA/LnAzHQ==",
      "dev": true
    },
    "react-is": {
      "version": "16.13.0",
      "resolved": "https://registry.npmjs.org/react-is/-/react-is-16.13.0.tgz",
      "integrity": "sha512-GFMtL0vHkiBv9HluwNZTggSn/sCyEt9n02aM0dSAjGGyqyNlAyftYm4phPxdvCigG15JreC5biwxCgTAJZ7yAA=="
    },
    "react-notification-system": {
      "version": "0.3.0",
      "resolved": "https://registry.npmjs.org/react-notification-system/-/react-notification-system-0.3.0.tgz",
      "integrity": "sha512-4+3Z0I/5/gi9ZOQUOeFaKy2Uw2i3d3S4kWu0x+dUvGRuvezY+WuF21fDg3B2FL0Hx+bJPy/qn6CwMQwc0g0wdA==",
      "requires": {
        "object-assign": "^4.0.1",
        "prop-types": "^15.5.6"
      }
    },
    "scheduler": {
      "version": "0.13.6",
      "resolved": "https://registry.npmjs.org/scheduler/-/scheduler-0.13.6.tgz",
      "integrity": "sha512-IWnObHt413ucAYKsD9J1QShUKkbKLQQHdxRyw73sw4FN26iWr3DY/H34xGPe4nmL1DwXyWmSWmMrA9TfQbE/XQ==",
      "dev": true,
      "requires": {
        "loose-envify": "^1.1.0",
        "object-assign": "^4.1.1"
      }
    }
  }
}
