{
  "name": "@lskjs/notification",
  "version": "2.6.1",
  "lockfileVersion": 2,
  "requires": true,
  "packages": {
    "": {
      "name": "@lskjs/notification",
      "version": "2.6.1",
      "license": "MIT",
      "dependencies": {
        "@lskjs/autobind": "1.100.1",
        "@lskjs/link": "2.6.1",
        "@lskjs/t": "2.6.1",
        "@lskjs/theme": "2.5.3",
        "prop-types": "15.7.2",
        "react-notification-system": "0.3.0"
      },
      "devDependencies": {
        "@lskjs/dev": "2.6.1",
        "react": "16.8.6",
        "react-icon-base": "2.1.2"
      },
      "peerDependencies": {
        "react": "*",
        "react-icon-base": "*"
      }
    },
    "node_modules/@lskjs/autobind": {
      "version": "1.100.1",
      "resolved": "https://registry.npmjs.org/@lskjs/autobind/-/autobind-1.100.1.tgz",
      "integrity": "sha512-yCtaonRp7Kg/ZlKXNDDsl+6bz+pWKfEJwS3beFqT/54PSLCYufVhHf4XBPFGoYic2OmFbgAhYs8wGJruQZC+Mw==",
      "dependencies": {
        "autobind-decorator": "2.4.0"
      }
    },
    "node_modules/@lskjs/debug-level": {
      "version": "0.3.2",
      "resolved": "https://registry.npmjs.org/@lskjs/debug-level/-/debug-level-0.3.2.tgz",
      "integrity": "sha512-VHPhtJ9do45MGE93DxEsPdCgPUQAAAdicgytkzG8UMCXIgq5nIKY7JNzDunqbOw2sH7yaJfzF1sYwfb745zWCQ==",
      "dev": true,
      "dependencies": {
        "asyncc": "^2.0.4",
        "chalk": "^4.1.0",
        "json-stringify-safe": "^5.0.1",
        "map-lru": "^1.1.0",
        "ms": "^2.1.2"
      },
      "engines": {
        "node": ">=4"
      }
    },
    "node_modules/@lskjs/dev": {
      "version": "2.6.1",
      "resolved": "https://registry.npmjs.org/@lskjs/dev/-/dev-2.6.1.tgz",
      "integrity": "sha512-fbsTbQBjJmb3UOQV6BMZJpHellJIjrPydiVGU6lP965h66cndQehjmIjse7byEuKTbSU8BZtJcvLKL3gIQW0tg==",
      "dev": true,
      "dependencies": {
        "@lskjs/log2": "2.19.1"
      },
      "optionalDependencies": {
        "mobx-react-devtools": "6.1.1"
      },
      "peerDependencies": {
        "@lskjs/css": "*",
        "@lskjs/theme": "*",
        "@lskjs/utils": "*",
        "emotion": "*",
        "emotion-theming": "*",
        "lodash": "*",
        "mobx": "*",
        "mobx-react": "*",
        "react": "*"
      }
    },
    "node_modules/@lskjs/env": {
      "version": "2.8.0",
      "resolved": "https://registry.npmjs.org/@lskjs/env/-/env-2.8.0.tgz",
      "integrity": "sha512-JcVT8m7S5QEcEs7HctHstNO7zVw05cLAAnUQ/inb1HhwbVUzl5WHEOpyM91jYkmaUNLHo5n/lDUiIPDWXeW1tA==",
      "dev": true
    },
    "node_modules/@lskjs/err": {
      "version": "2.19.1",
      "resolved": "https://registry.npmjs.org/@lskjs/err/-/err-2.19.1.tgz",
      "integrity": "sha512-HK64nGhQjYu7p1AzFLxpWSL6vG8xBPYVluzUHHiCMxRNB1cbmJRiW0X+mb/1MCL1pSS0GMKEyCP7L+y41N+xuw==",
      "dev": true,
      "dependencies": {
        "lodash": "4.17.21"
      }
    },
    "node_modules/@lskjs/link": {
      "version": "2.6.1",
      "resolved": "https://registry.npmjs.org/@lskjs/link/-/link-2.6.1.tgz",
      "integrity": "sha512-JglSUJ0Rtv/7z66gQfLcYEYPEN25OjbidMlgJPaX4NthzVlwccbGA8Ain6vzi1CRCgDAEEsTq0wdrEHpyQmltQ==",
      "dependencies": {
        "prop-types": "15.7.2"
      },
      "peerDependencies": {
        "@lskjs/utils": "*",
        "react": "*"
      }
    },
    "node_modules/@lskjs/log2": {
      "version": "2.19.1",
      "resolved": "https://registry.npmjs.org/@lskjs/log2/-/log2-2.19.1.tgz",
      "integrity": "sha512-y2/jmfgydC+/6xuZi1Z0wJXklJNTh9Vpiunx8LeCWxRXOBdM019IdAeib0MYvsdxs1m/hGfKL8BeRUxlhjdBWQ==",
      "dev": true,
      "dependencies": {
        "@lskjs/debug-level": "0.3.2",
        "@lskjs/env": "2.8.0",
        "@lskjs/err": "2.19.1",
        "colors": "1.4.0",
        "exeunt": "^1.1.1",
        "fast-safe-stringify": "2.0.8"
      },
      "bin": {
        "lsklog": "bin/lsklog.js"
      }
    },
    "node_modules/@lskjs/mobx": {
      "version": "2.3.0-beta.4",
      "resolved": "https://registry.npmjs.org/@lskjs/mobx/-/mobx-2.3.0-beta.4.tgz",
      "integrity": "sha512-EHT75wq/zCPlu1qoMN/rGX2nP/lTzeUktoz2/gQB8VDjK9jGr9ruk70d74eVp/DRv92OVsJRHyIgoBTlA95waQ==",
      "dependencies": {
        "@lskjs/utils": "2.2.1-beta.2"
      },
      "peerDependencies": {
        "axios": "*",
        "bluebird": "*",
        "lodash": "*",
        "mobx": "*",
        "mobx-react": "*"
      }
    },
    "node_modules/@lskjs/mobx/node_modules/@lskjs/utils": {
      "version": "2.2.1-beta.2",
      "resolved": "https://registry.npmjs.org/@lskjs/utils/-/utils-2.2.1-beta.2.tgz",
      "integrity": "sha512-MMZiaTUqdn2CX6AiTmbZ4JhOKqpMySspe3XJJemjklJCkn618HrtvMrhvwX4XYB4URwlU7U/x60CBauXsaEyPw=="
    },
    "node_modules/@lskjs/t": {
      "version": "2.6.1",
      "resolved": "https://registry.npmjs.org/@lskjs/t/-/t-2.6.1.tgz",
      "integrity": "sha512-j96e//UHJ2QepGRN0O2m9ko9kVXWrshexbwuP4aTUshNXe92RoQghqKEVEPslUrmEinui4op4R1NY5+uLb005g==",
      "dependencies": {
        "@lskjs/mobx": "2.3.0-beta.4",
        "@lskjs/utils": "2.3.0-beta.4"
      },
      "peerDependencies": {
        "mobx": "*",
        "mobx-react": "*",
        "prop-types": "*",
        "react": "*"
      }
    },
    "node_modules/@lskjs/theme": {
      "version": "2.5.3",
      "resolved": "https://registry.npmjs.org/@lskjs/theme/-/theme-2.5.3.tgz",
      "integrity": "sha512-g+h+YnB6ileRSec8nRi6vYJVR0R32u4LjdPPFltNcu+xQPH/dld8hh3pE95NO2A6Tby6l5EqWHupxSO25gaysA==",
      "peerDependencies": {
        "lodash": "*"
      }
    },
    "node_modules/@lskjs/utils": {
      "version": "2.3.0-beta.4",
      "resolved": "https://registry.npmjs.org/@lskjs/utils/-/utils-2.3.0-beta.4.tgz",
      "integrity": "sha512-Gidz5cBkfNtsiG5KCG8bkzjil9caJSP3TCpRTszZV3WofclnPthIhwzG9wuz6PjuFQghHJwqIO5m+WTqinZfjg=="
    },
    "node_modules/ansi-styles": {
      "version": "4.3.0",
      "resolved": "https://registry.npmjs.org/ansi-styles/-/ansi-styles-4.3.0.tgz",
      "integrity": "sha512-zbB9rCJAT1rbjiVDb2hqKFHNYLxgtk8NURxZ3IZwD3F6NtxbXZQCnnSi1Lkx+IDohdPlFp222wVALIheZJQSEg==",
      "dev": true,
      "dependencies": {
        "color-convert": "^2.0.1"
      },
      "engines": {
        "node": ">=8"
      },
      "funding": {
        "url": "https://github.com/chalk/ansi-styles?sponsor=1"
      }
    },
    "node_modules/asyncc": {
      "version": "2.0.6",
      "resolved": "https://registry.npmjs.org/asyncc/-/asyncc-2.0.6.tgz",
      "integrity": "sha512-m3nkCP6CKuLubt2vwqoOio8NmOJPjUL6dcaNNxqc9q4H2Rq9wNs+2UsIzBegiJzUtoyh9X9iBe4GIhqu1uOvqA==",
      "dev": true,
      "engines": {
        "node": ">=6.0.0"
      }
    },
    "node_modules/autobind-decorator": {
      "version": "2.4.0",
      "resolved": "https://registry.npmjs.org/autobind-decorator/-/autobind-decorator-2.4.0.tgz",
      "integrity": "sha512-OGYhWUO72V6DafbF8PM8rm3EPbfuyMZcJhtm5/n26IDwO18pohE4eNazLoCGhPiXOCD0gEGmrbU3849QvM8bbw==",
      "engines": {
        "node": ">=8.10",
        "npm": ">=6.4.1"
      }
    },
    "node_modules/chalk": {
      "version": "4.1.2",
      "resolved": "https://registry.npmjs.org/chalk/-/chalk-4.1.2.tgz",
      "integrity": "sha512-oKnbhFyRIXpUuez8iBMmyEa4nbj4IOQyuhc/wy9kY7/WVPcwIO9VA668Pu8RkO7+0G76SLROeyw9CpQ061i4mA==",
      "dev": true,
      "dependencies": {
        "ansi-styles": "^4.1.0",
        "supports-color": "^7.1.0"
      },
      "engines": {
        "node": ">=10"
      },
      "funding": {
        "url": "https://github.com/chalk/chalk?sponsor=1"
      }
    },
    "node_modules/color-convert": {
      "version": "2.0.1",
      "resolved": "https://registry.npmjs.org/color-convert/-/color-convert-2.0.1.tgz",
      "integrity": "sha512-RRECPsj7iu/xb5oKYcsFHSppFNnsj/52OVTRKb4zP5onXwVF3zVmmToNcOfGC+CRDpfK/U584fMg38ZHCaElKQ==",
      "dev": true,
      "dependencies": {
        "color-name": "~1.1.4"
      },
      "engines": {
        "node": ">=7.0.0"
      }
    },
    "node_modules/color-name": {
      "version": "1.1.4",
      "resolved": "https://registry.npmjs.org/color-name/-/color-name-1.1.4.tgz",
      "integrity": "sha512-dOy+3AuW3a2wNbZHIuMZpTcgjGuLU/uBL/ubcZF9OXbDo8ff4O8yVp5Bf0efS8uEoYo5q4Fx7dY9OgQGXgAsQA==",
      "dev": true
    },
    "node_modules/colors": {
      "version": "1.4.0",
      "resolved": "https://registry.npmjs.org/colors/-/colors-1.4.0.tgz",
      "integrity": "sha512-a+UqTh4kgZg/SlGvfbzDHpgRu7AAQOmmqRHJnxhRZICKFUT91brVhNNt58CMWU9PsBbv3PDCZUHbVxuDiH2mtA==",
      "dev": true,
      "engines": {
        "node": ">=0.1.90"
      }
    },
    "node_modules/exeunt": {
      "version": "1.1.2",
      "resolved": "https://registry.npmjs.org/exeunt/-/exeunt-1.1.2.tgz",
      "integrity": "sha512-Xw+lBycua6hK6aNCoFWVPF3DVh1zWeX91T9e11Psjis3KYgjo535riOujpdvNvUX+9MLRMT9xgDb8nWf3wVIXA==",
      "dev": true,
      "engines": {
        "node": ">=0.10"
      }
    },
    "node_modules/fast-safe-stringify": {
      "version": "2.0.8",
      "resolved": "https://registry.npmjs.org/fast-safe-stringify/-/fast-safe-stringify-2.0.8.tgz",
      "integrity": "sha512-lXatBjf3WPjmWD6DpIZxkeSsCOwqI0maYMpgDlx8g4U2qi4lbjA9oH/HD2a87G+KfsUmo5WbJFmqBZlPxtptag==",
      "dev": true
    },
    "node_modules/has-flag": {
      "version": "4.0.0",
      "resolved": "https://registry.npmjs.org/has-flag/-/has-flag-4.0.0.tgz",
      "integrity": "sha512-EykJT/Q1KjTWctppgIAgfSO0tKVuZUjhgMr17kqTumMl6Afv3EISleU7qZUzoXDFTAHTDC4NOoG/ZxU3EvlMPQ==",
      "dev": true,
      "engines": {
        "node": ">=8"
      }
    },
    "node_modules/js-tokens": {
      "version": "4.0.0",
      "resolved": "https://registry.npmjs.org/js-tokens/-/js-tokens-4.0.0.tgz",
      "integrity": "sha512-RdJUflcE3cUzKiMqQgsCu06FPu9UdIJO0beYbPhHN4k6apgJtifcoCtT9bcxOpYBtpD2kCM6Sbzg4CausW/PKQ=="
    },
    "node_modules/json-stringify-safe": {
      "version": "5.0.1",
      "resolved": "https://registry.npmjs.org/json-stringify-safe/-/json-stringify-safe-5.0.1.tgz",
      "integrity": "sha1-Epai1Y/UXxmg9s4B1lcB4sc1tus=",
      "dev": true
    },
    "node_modules/lodash": {
      "version": "4.17.21",
      "resolved": "https://registry.npmjs.org/lodash/-/lodash-4.17.21.tgz",
      "integrity": "sha512-v2kDEe57lecTulaDIuNTPy3Ry4gLGJ6Z1O3vE1krgXZNrsQ+LFTGHVxVjcXPs17LhbZVGedAJv8XZ1tvj5FvSg==",
      "dev": true
    },
    "node_modules/loose-envify": {
      "version": "1.4.0",
      "resolved": "https://registry.npmjs.org/loose-envify/-/loose-envify-1.4.0.tgz",
      "integrity": "sha512-lyuxPGr/Wfhrlem2CL/UcnUc1zcqKAImBDzukY7Y5F/yQiNdko6+fRLevlw1HgMySw7f611UIY408EtxRSoK3Q==",
      "dependencies": {
        "js-tokens": "^3.0.0 || ^4.0.0"
      },
      "bin": {
        "loose-envify": "cli.js"
      }
    },
    "node_modules/map-lru": {
      "version": "1.1.0",
      "resolved": "https://registry.npmjs.org/map-lru/-/map-lru-1.1.0.tgz",
      "integrity": "sha512-vbnDZvYRfQQKfzxgCgZkcbdx5ooWoY9EnlmIdEJHAguHsl6GiGblzbRLkdQS1kyhA1CPjZvWqMNil/sG3gdt2Q==",
      "dev": true,
      "engines": {
        "node": ">=4"
      }
    },
    "node_modules/mobx-react-devtools": {
      "version": "6.1.1",
      "resolved": "https://registry.npmjs.org/mobx-react-devtools/-/mobx-react-devtools-6.1.1.tgz",
      "integrity": "sha512-nc5IXLdEUFLn3wZal65KF3/JFEFd+mbH4KTz/IG5BOPyw7jo8z29w/8qm7+wiCyqVfUIgJ1gL4+HVKmcXIOgqA==",
      "dev": true,
      "optional": true
    },
    "node_modules/ms": {
      "version": "2.1.3",
      "resolved": "https://registry.npmjs.org/ms/-/ms-2.1.3.tgz",
      "integrity": "sha512-6FlzubTLZG3J2a/NVCAleEhjzq5oxgHyaCU9yYXvcLsvoVaHJq/s5xXI6/XXP6tz7R9xAOtHnSO/tXtF3WRTlA==",
      "dev": true
    },
    "node_modules/object-assign": {
      "version": "4.1.1",
      "resolved": "https://registry.npmjs.org/object-assign/-/object-assign-4.1.1.tgz",
      "integrity": "sha1-IQmtx5ZYh8/AXLvUQsrIv7s2CGM=",
      "engines": {
        "node": ">=0.10.0"
      }
    },
    "node_modules/prop-types": {
      "version": "15.7.2",
      "resolved": "https://registry.npmjs.org/prop-types/-/prop-types-15.7.2.tgz",
      "integrity": "sha512-8QQikdH7//R2vurIJSutZ1smHYTcLpRWEOlHnzcWHmBYrOGUysKwSsrC89BCiFj3CbrfJ/nXFdJepOVrY1GCHQ==",
      "dependencies": {
        "loose-envify": "^1.4.0",
        "object-assign": "^4.1.1",
        "react-is": "^16.8.1"
      }
    },
    "node_modules/react": {
      "version": "16.8.6",
      "resolved": "https://registry.npmjs.org/react/-/react-16.8.6.tgz",
      "integrity": "sha512-pC0uMkhLaHm11ZSJULfOBqV4tIZkx87ZLvbbQYunNixAAvjnC+snJCg0XQXn9VIsttVsbZP/H/ewzgsd5fxKXw==",
      "dev": true,
      "dependencies": {
        "loose-envify": "^1.1.0",
        "object-assign": "^4.1.1",
        "prop-types": "^15.6.2",
        "scheduler": "^0.13.6"
      },
      "engines": {
        "node": ">=0.10.0"
      }
    },
    "node_modules/react-icon-base": {
      "version": "2.1.2",
      "resolved": "https://registry.npmjs.org/react-icon-base/-/react-icon-base-2.1.2.tgz",
      "integrity": "sha512-NRlRo0RPxWRMQT7osj8UCBSSXsGOxhF1pre84ildhuft5S2U382NOs7tg29osWSjbO90L2a3VTCqadA/LnAzHQ==",
      "dev": true
    },
    "node_modules/react-is": {
      "version": "16.13.1",
      "resolved": "https://registry.npmjs.org/react-is/-/react-is-16.13.1.tgz",
      "integrity": "sha512-24e6ynE2H+OKt4kqsOvNd8kBpV65zoxbA4BVsEOB3ARVWQki/DHzaUoC5KuON/BiccDaCCTZBuOcfZs70kR8bQ=="
    },
    "node_modules/react-notification-system": {
      "version": "0.3.0",
      "resolved": "https://registry.npmjs.org/react-notification-system/-/react-notification-system-0.3.0.tgz",
      "integrity": "sha512-4+3Z0I/5/gi9ZOQUOeFaKy2Uw2i3d3S4kWu0x+dUvGRuvezY+WuF21fDg3B2FL0Hx+bJPy/qn6CwMQwc0g0wdA==",
      "dependencies": {
        "object-assign": "^4.0.1",
        "prop-types": "^15.5.6"
      }
    },
    "node_modules/scheduler": {
      "version": "0.13.6",
      "resolved": "https://registry.npmjs.org/scheduler/-/scheduler-0.13.6.tgz",
      "integrity": "sha512-IWnObHt413ucAYKsD9J1QShUKkbKLQQHdxRyw73sw4FN26iWr3DY/H34xGPe4nmL1DwXyWmSWmMrA9TfQbE/XQ==",
      "dev": true,
      "dependencies": {
        "loose-envify": "^1.1.0",
        "object-assign": "^4.1.1"
      }
    },
    "node_modules/supports-color": {
      "version": "7.2.0",
      "resolved": "https://registry.npmjs.org/supports-color/-/supports-color-7.2.0.tgz",
      "integrity": "sha512-qpCAvRl9stuOHveKsn7HncJRvv501qIacKzQlO/+Lwxc9+0q2wLyv4Dfvt80/DPn2pqOBsJdDiogXGR9+OvwRw==",
      "dev": true,
      "dependencies": {
        "has-flag": "^4.0.0"
      },
      "engines": {
        "node": ">=8"
      }
    }
  },
  "dependencies": {
    "@lskjs/autobind": {
      "version": "1.100.1",
      "resolved": "https://registry.npmjs.org/@lskjs/autobind/-/autobind-1.100.1.tgz",
      "integrity": "sha512-yCtaonRp7Kg/ZlKXNDDsl+6bz+pWKfEJwS3beFqT/54PSLCYufVhHf4XBPFGoYic2OmFbgAhYs8wGJruQZC+Mw==",
      "requires": {
        "autobind-decorator": "2.4.0"
      }
    },
    "@lskjs/debug-level": {
      "version": "0.3.2",
      "resolved": "https://registry.npmjs.org/@lskjs/debug-level/-/debug-level-0.3.2.tgz",
      "integrity": "sha512-VHPhtJ9do45MGE93DxEsPdCgPUQAAAdicgytkzG8UMCXIgq5nIKY7JNzDunqbOw2sH7yaJfzF1sYwfb745zWCQ==",
      "dev": true,
      "requires": {
        "asyncc": "^2.0.4",
        "chalk": "^4.1.0",
        "json-stringify-safe": "^5.0.1",
        "map-lru": "^1.1.0",
        "ms": "^2.1.2"
      }
    },
    "@lskjs/dev": {
      "version": "2.6.1",
      "resolved": "https://registry.npmjs.org/@lskjs/dev/-/dev-2.6.1.tgz",
      "integrity": "sha512-fbsTbQBjJmb3UOQV6BMZJpHellJIjrPydiVGU6lP965h66cndQehjmIjse7byEuKTbSU8BZtJcvLKL3gIQW0tg==",
      "dev": true,
      "requires": {
        "@lskjs/log2": "2.19.1",
        "mobx-react-devtools": "6.1.1"
      }
    },
    "@lskjs/env": {
      "version": "2.8.0",
      "resolved": "https://registry.npmjs.org/@lskjs/env/-/env-2.8.0.tgz",
      "integrity": "sha512-JcVT8m7S5QEcEs7HctHstNO7zVw05cLAAnUQ/inb1HhwbVUzl5WHEOpyM91jYkmaUNLHo5n/lDUiIPDWXeW1tA==",
      "dev": true
    },
    "@lskjs/err": {
      "version": "2.19.1",
      "resolved": "https://registry.npmjs.org/@lskjs/err/-/err-2.19.1.tgz",
      "integrity": "sha512-HK64nGhQjYu7p1AzFLxpWSL6vG8xBPYVluzUHHiCMxRNB1cbmJRiW0X+mb/1MCL1pSS0GMKEyCP7L+y41N+xuw==",
      "dev": true,
      "requires": {
        "lodash": "4.17.21"
      }
    },
    "@lskjs/link": {
      "version": "2.6.1",
      "resolved": "https://registry.npmjs.org/@lskjs/link/-/link-2.6.1.tgz",
      "integrity": "sha512-JglSUJ0Rtv/7z66gQfLcYEYPEN25OjbidMlgJPaX4NthzVlwccbGA8Ain6vzi1CRCgDAEEsTq0wdrEHpyQmltQ==",
      "requires": {
        "prop-types": "15.7.2"
      }
    },
    "@lskjs/log2": {
      "version": "2.19.1",
      "resolved": "https://registry.npmjs.org/@lskjs/log2/-/log2-2.19.1.tgz",
      "integrity": "sha512-y2/jmfgydC+/6xuZi1Z0wJXklJNTh9Vpiunx8LeCWxRXOBdM019IdAeib0MYvsdxs1m/hGfKL8BeRUxlhjdBWQ==",
      "dev": true,
      "requires": {
        "@lskjs/debug-level": "0.3.2",
        "@lskjs/env": "2.8.0",
        "@lskjs/err": "2.19.1",
        "colors": "1.4.0",
        "exeunt": "^1.1.1",
        "fast-safe-stringify": "2.0.8"
      }
    },
    "@lskjs/mobx": {
      "version": "2.3.0-beta.4",
      "resolved": "https://registry.npmjs.org/@lskjs/mobx/-/mobx-2.3.0-beta.4.tgz",
      "integrity": "sha512-EHT75wq/zCPlu1qoMN/rGX2nP/lTzeUktoz2/gQB8VDjK9jGr9ruk70d74eVp/DRv92OVsJRHyIgoBTlA95waQ==",
      "requires": {
        "@lskjs/utils": "2.2.1-beta.2"
      },
      "dependencies": {
        "@lskjs/utils": {
          "version": "2.2.1-beta.2",
          "resolved": "https://registry.npmjs.org/@lskjs/utils/-/utils-2.2.1-beta.2.tgz",
          "integrity": "sha512-MMZiaTUqdn2CX6AiTmbZ4JhOKqpMySspe3XJJemjklJCkn618HrtvMrhvwX4XYB4URwlU7U/x60CBauXsaEyPw=="
        }
      }
    },
    "@lskjs/t": {
      "version": "2.6.1",
      "resolved": "https://registry.npmjs.org/@lskjs/t/-/t-2.6.1.tgz",
      "integrity": "sha512-j96e//UHJ2QepGRN0O2m9ko9kVXWrshexbwuP4aTUshNXe92RoQghqKEVEPslUrmEinui4op4R1NY5+uLb005g==",
      "requires": {
        "@lskjs/mobx": "2.3.0-beta.4",
        "@lskjs/utils": "2.3.0-beta.4"
      }
    },
    "@lskjs/theme": {
      "version": "2.5.3",
      "resolved": "https://registry.npmjs.org/@lskjs/theme/-/theme-2.5.3.tgz",
      "integrity": "sha512-g+h+YnB6ileRSec8nRi6vYJVR0R32u4LjdPPFltNcu+xQPH/dld8hh3pE95NO2A6Tby6l5EqWHupxSO25gaysA=="
    },
    "@lskjs/utils": {
      "version": "2.3.0-beta.4",
      "resolved": "https://registry.npmjs.org/@lskjs/utils/-/utils-2.3.0-beta.4.tgz",
      "integrity": "sha512-Gidz5cBkfNtsiG5KCG8bkzjil9caJSP3TCpRTszZV3WofclnPthIhwzG9wuz6PjuFQghHJwqIO5m+WTqinZfjg=="
    },
    "ansi-styles": {
      "version": "4.3.0",
      "resolved": "https://registry.npmjs.org/ansi-styles/-/ansi-styles-4.3.0.tgz",
      "integrity": "sha512-zbB9rCJAT1rbjiVDb2hqKFHNYLxgtk8NURxZ3IZwD3F6NtxbXZQCnnSi1Lkx+IDohdPlFp222wVALIheZJQSEg==",
      "dev": true,
      "requires": {
        "color-convert": "^2.0.1"
      }
    },
    "asyncc": {
      "version": "2.0.6",
      "resolved": "https://registry.npmjs.org/asyncc/-/asyncc-2.0.6.tgz",
      "integrity": "sha512-m3nkCP6CKuLubt2vwqoOio8NmOJPjUL6dcaNNxqc9q4H2Rq9wNs+2UsIzBegiJzUtoyh9X9iBe4GIhqu1uOvqA==",
      "dev": true
    },
    "autobind-decorator": {
      "version": "2.4.0",
      "resolved": "https://registry.npmjs.org/autobind-decorator/-/autobind-decorator-2.4.0.tgz",
      "integrity": "sha512-OGYhWUO72V6DafbF8PM8rm3EPbfuyMZcJhtm5/n26IDwO18pohE4eNazLoCGhPiXOCD0gEGmrbU3849QvM8bbw=="
    },
    "chalk": {
      "version": "4.1.2",
      "resolved": "https://registry.npmjs.org/chalk/-/chalk-4.1.2.tgz",
      "integrity": "sha512-oKnbhFyRIXpUuez8iBMmyEa4nbj4IOQyuhc/wy9kY7/WVPcwIO9VA668Pu8RkO7+0G76SLROeyw9CpQ061i4mA==",
      "dev": true,
      "requires": {
        "ansi-styles": "^4.1.0",
        "supports-color": "^7.1.0"
      }
    },
    "color-convert": {
      "version": "2.0.1",
      "resolved": "https://registry.npmjs.org/color-convert/-/color-convert-2.0.1.tgz",
      "integrity": "sha512-RRECPsj7iu/xb5oKYcsFHSppFNnsj/52OVTRKb4zP5onXwVF3zVmmToNcOfGC+CRDpfK/U584fMg38ZHCaElKQ==",
      "dev": true,
      "requires": {
        "color-name": "~1.1.4"
      }
    },
    "color-name": {
      "version": "1.1.4",
      "resolved": "https://registry.npmjs.org/color-name/-/color-name-1.1.4.tgz",
      "integrity": "sha512-dOy+3AuW3a2wNbZHIuMZpTcgjGuLU/uBL/ubcZF9OXbDo8ff4O8yVp5Bf0efS8uEoYo5q4Fx7dY9OgQGXgAsQA==",
      "dev": true
    },
    "colors": {
      "version": "1.4.0",
      "resolved": "https://registry.npmjs.org/colors/-/colors-1.4.0.tgz",
      "integrity": "sha512-a+UqTh4kgZg/SlGvfbzDHpgRu7AAQOmmqRHJnxhRZICKFUT91brVhNNt58CMWU9PsBbv3PDCZUHbVxuDiH2mtA==",
      "dev": true
    },
    "exeunt": {
      "version": "1.1.2",
      "resolved": "https://registry.npmjs.org/exeunt/-/exeunt-1.1.2.tgz",
      "integrity": "sha512-Xw+lBycua6hK6aNCoFWVPF3DVh1zWeX91T9e11Psjis3KYgjo535riOujpdvNvUX+9MLRMT9xgDb8nWf3wVIXA==",
      "dev": true
    },
    "fast-safe-stringify": {
      "version": "2.0.8",
      "resolved": "https://registry.npmjs.org/fast-safe-stringify/-/fast-safe-stringify-2.0.8.tgz",
      "integrity": "sha512-lXatBjf3WPjmWD6DpIZxkeSsCOwqI0maYMpgDlx8g4U2qi4lbjA9oH/HD2a87G+KfsUmo5WbJFmqBZlPxtptag==",
      "dev": true
    },
    "has-flag": {
      "version": "4.0.0",
      "resolved": "https://registry.npmjs.org/has-flag/-/has-flag-4.0.0.tgz",
      "integrity": "sha512-EykJT/Q1KjTWctppgIAgfSO0tKVuZUjhgMr17kqTumMl6Afv3EISleU7qZUzoXDFTAHTDC4NOoG/ZxU3EvlMPQ==",
      "dev": true
    },
    "js-tokens": {
      "version": "4.0.0",
      "resolved": "https://registry.npmjs.org/js-tokens/-/js-tokens-4.0.0.tgz",
      "integrity": "sha512-RdJUflcE3cUzKiMqQgsCu06FPu9UdIJO0beYbPhHN4k6apgJtifcoCtT9bcxOpYBtpD2kCM6Sbzg4CausW/PKQ=="
    },
    "json-stringify-safe": {
      "version": "5.0.1",
      "resolved": "https://registry.npmjs.org/json-stringify-safe/-/json-stringify-safe-5.0.1.tgz",
      "integrity": "sha1-Epai1Y/UXxmg9s4B1lcB4sc1tus=",
      "dev": true
    },
    "lodash": {
      "version": "4.17.21",
      "resolved": "https://registry.npmjs.org/lodash/-/lodash-4.17.21.tgz",
      "integrity": "sha512-v2kDEe57lecTulaDIuNTPy3Ry4gLGJ6Z1O3vE1krgXZNrsQ+LFTGHVxVjcXPs17LhbZVGedAJv8XZ1tvj5FvSg==",
      "dev": true
    },
    "loose-envify": {
      "version": "1.4.0",
      "resolved": "https://registry.npmjs.org/loose-envify/-/loose-envify-1.4.0.tgz",
      "integrity": "sha512-lyuxPGr/Wfhrlem2CL/UcnUc1zcqKAImBDzukY7Y5F/yQiNdko6+fRLevlw1HgMySw7f611UIY408EtxRSoK3Q==",
      "requires": {
        "js-tokens": "^3.0.0 || ^4.0.0"
      }
    },
    "map-lru": {
      "version": "1.1.0",
      "resolved": "https://registry.npmjs.org/map-lru/-/map-lru-1.1.0.tgz",
      "integrity": "sha512-vbnDZvYRfQQKfzxgCgZkcbdx5ooWoY9EnlmIdEJHAguHsl6GiGblzbRLkdQS1kyhA1CPjZvWqMNil/sG3gdt2Q==",
      "dev": true
    },
    "mobx-react-devtools": {
      "version": "6.1.1",
      "resolved": "https://registry.npmjs.org/mobx-react-devtools/-/mobx-react-devtools-6.1.1.tgz",
      "integrity": "sha512-nc5IXLdEUFLn3wZal65KF3/JFEFd+mbH4KTz/IG5BOPyw7jo8z29w/8qm7+wiCyqVfUIgJ1gL4+HVKmcXIOgqA==",
      "dev": true,
      "optional": true
    },
    "ms": {
      "version": "2.1.3",
      "resolved": "https://registry.npmjs.org/ms/-/ms-2.1.3.tgz",
      "integrity": "sha512-6FlzubTLZG3J2a/NVCAleEhjzq5oxgHyaCU9yYXvcLsvoVaHJq/s5xXI6/XXP6tz7R9xAOtHnSO/tXtF3WRTlA==",
      "dev": true
    },
    "object-assign": {
      "version": "4.1.1",
      "resolved": "https://registry.npmjs.org/object-assign/-/object-assign-4.1.1.tgz",
      "integrity": "sha1-IQmtx5ZYh8/AXLvUQsrIv7s2CGM="
    },
    "prop-types": {
      "version": "15.7.2",
      "resolved": "https://registry.npmjs.org/prop-types/-/prop-types-15.7.2.tgz",
      "integrity": "sha512-8QQikdH7//R2vurIJSutZ1smHYTcLpRWEOlHnzcWHmBYrOGUysKwSsrC89BCiFj3CbrfJ/nXFdJepOVrY1GCHQ==",
      "requires": {
        "loose-envify": "^1.4.0",
        "object-assign": "^4.1.1",
        "react-is": "^16.8.1"
      }
    },
    "react": {
      "version": "16.8.6",
      "resolved": "https://registry.npmjs.org/react/-/react-16.8.6.tgz",
      "integrity": "sha512-pC0uMkhLaHm11ZSJULfOBqV4tIZkx87ZLvbbQYunNixAAvjnC+snJCg0XQXn9VIsttVsbZP/H/ewzgsd5fxKXw==",
      "dev": true,
      "requires": {
        "loose-envify": "^1.1.0",
        "object-assign": "^4.1.1",
        "prop-types": "^15.6.2",
        "scheduler": "^0.13.6"
      }
    },
    "react-icon-base": {
      "version": "2.1.2",
      "resolved": "https://registry.npmjs.org/react-icon-base/-/react-icon-base-2.1.2.tgz",
      "integrity": "sha512-NRlRo0RPxWRMQT7osj8UCBSSXsGOxhF1pre84ildhuft5S2U382NOs7tg29osWSjbO90L2a3VTCqadA/LnAzHQ==",
      "dev": true
    },
    "react-is": {
      "version": "16.13.1",
      "resolved": "https://registry.npmjs.org/react-is/-/react-is-16.13.1.tgz",
      "integrity": "sha512-24e6ynE2H+OKt4kqsOvNd8kBpV65zoxbA4BVsEOB3ARVWQki/DHzaUoC5KuON/BiccDaCCTZBuOcfZs70kR8bQ=="
    },
    "react-notification-system": {
      "version": "0.3.0",
      "resolved": "https://registry.npmjs.org/react-notification-system/-/react-notification-system-0.3.0.tgz",
      "integrity": "sha512-4+3Z0I/5/gi9ZOQUOeFaKy2Uw2i3d3S4kWu0x+dUvGRuvezY+WuF21fDg3B2FL0Hx+bJPy/qn6CwMQwc0g0wdA==",
      "requires": {
        "object-assign": "^4.0.1",
        "prop-types": "^15.5.6"
      }
    },
    "scheduler": {
      "version": "0.13.6",
      "resolved": "https://registry.npmjs.org/scheduler/-/scheduler-0.13.6.tgz",
      "integrity": "sha512-IWnObHt413ucAYKsD9J1QShUKkbKLQQHdxRyw73sw4FN26iWr3DY/H34xGPe4nmL1DwXyWmSWmMrA9TfQbE/XQ==",
      "dev": true,
      "requires": {
        "loose-envify": "^1.1.0",
        "object-assign": "^4.1.1"
      }
    },
    "supports-color": {
      "version": "7.2.0",
      "resolved": "https://registry.npmjs.org/supports-color/-/supports-color-7.2.0.tgz",
      "integrity": "sha512-qpCAvRl9stuOHveKsn7HncJRvv501qIacKzQlO/+Lwxc9+0q2wLyv4Dfvt80/DPn2pqOBsJdDiogXGR9+OvwRw==",
      "dev": true,
      "requires": {
        "has-flag": "^4.0.0"
      }
    }
  }
}
